// !$*UTF8*$!
{
	archiveVersion = 1;
	classes = {
	};
	objectVersion = 46;
	objects = {

/* Begin PBXBuildFile section */
		CEA705E31C80EDD600204138 /* AppDelegate.swift in Sources */ = {isa = PBXBuildFile; fileRef = CEA705E21C80EDD600204138 /* AppDelegate.swift */; };
		CEA705E81C80EDD600204138 /* Main.storyboard in Resources */ = {isa = PBXBuildFile; fileRef = CEA705E61C80EDD600204138 /* Main.storyboard */; };
		CEA705EA1C80EDD600204138 /* Assets.xcassets in Resources */ = {isa = PBXBuildFile; fileRef = CEA705E91C80EDD600204138 /* Assets.xcassets */; };
		CEA705ED1C80EDD600204138 /* LaunchScreen.storyboard in Resources */ = {isa = PBXBuildFile; fileRef = CEA705EB1C80EDD600204138 /* LaunchScreen.storyboard */; };
		CEA705F51C80EF0200204138 /* SystemConfiguration.framework in Frameworks */ = {isa = PBXBuildFile; fileRef = CEA705F41C80EF0200204138 /* SystemConfiguration.framework */; };
		CEA705F71C80EF0C00204138 /* libsqlite3.tbd in Frameworks */ = {isa = PBXBuildFile; fileRef = CEA705F61C80EF0C00204138 /* libsqlite3.tbd */; };
		CEA705F91C80EF1700204138 /* libz.tbd in Frameworks */ = {isa = PBXBuildFile; fileRef = CEA705F81C80EF1700204138 /* libz.tbd */; };
		CEA706C71C80EF4900204138 /* backendless.a in Frameworks */ = {isa = PBXBuildFile; fileRef = CEA705FC1C80EF4800204138 /* backendless.a */; };
		CEA706C81C80EF4900204138 /* CommLibiOS.a in Frameworks */ = {isa = PBXBuildFile; fileRef = CEA706401C80EF4800204138 /* CommLibiOS.a */; };
		CEA706C91C80EF4900204138 /* libavcodec.a in Frameworks */ = {isa = PBXBuildFile; fileRef = CEA706A71C80EF4900204138 /* libavcodec.a */; };
		CEA706CA1C80EF4900204138 /* libavdevice.a in Frameworks */ = {isa = PBXBuildFile; fileRef = CEA706A81C80EF4900204138 /* libavdevice.a */; };
		CEA706CB1C80EF4900204138 /* libavfilter.a in Frameworks */ = {isa = PBXBuildFile; fileRef = CEA706A91C80EF4900204138 /* libavfilter.a */; };
		CEA706CC1C80EF4900204138 /* libavformat.a in Frameworks */ = {isa = PBXBuildFile; fileRef = CEA706AA1C80EF4900204138 /* libavformat.a */; };
		CEA706CD1C80EF4900204138 /* libavutil.a in Frameworks */ = {isa = PBXBuildFile; fileRef = CEA706AB1C80EF4900204138 /* libavutil.a */; };
		CEA706CE1C80EF4900204138 /* libswscale.a in Frameworks */ = {isa = PBXBuildFile; fileRef = CEA706AC1C80EF4900204138 /* libswscale.a */; };
		CEA706CF1C80EF4900204138 /* MediaLibiOS.a in Frameworks */ = {isa = PBXBuildFile; fileRef = CEA706B51C80EF4900204138 /* MediaLibiOS.a */; };
		CEA706D01C80EF4900204138 /* libspeex.a in Frameworks */ = {isa = PBXBuildFile; fileRef = CEA706C01C80EF4900204138 /* libspeex.a */; };
		CEA706D11C80EF4900204138 /* libx264.a in Frameworks */ = {isa = PBXBuildFile; fileRef = CEA706C61C80EF4900204138 /* libx264.a */; };
		CEA706D31C80F3D700204138 /* ResidentHomeViewController.swift in Sources */ = {isa = PBXBuildFile; fileRef = CEA706D21C80F3D700204138 /* ResidentHomeViewController.swift */; };
		CEA706D51C80F4E500204138 /* Constants.swift in Sources */ = {isa = PBXBuildFile; fileRef = CEA706D41C80F4E500204138 /* Constants.swift */; };
		CEA706D81C81029A00204138 /* NewCaseTableViewController.swift in Sources */ = {isa = PBXBuildFile; fileRef = CEA706D71C81029A00204138 /* NewCaseTableViewController.swift */; };
		CEA706DB1C8109EC00204138 /* Case.swift in Sources */ = {isa = PBXBuildFile; fileRef = CEA706DA1C8109EC00204138 /* Case.swift */; };
		CEA706DD1C81124C00204138 /* AllowedUsers.swift in Sources */ = {isa = PBXBuildFile; fileRef = CEA706DC1C81124C00204138 /* AllowedUsers.swift */; };
		CEA706DF1C81135000204138 /* Institution.swift in Sources */ = {isa = PBXBuildFile; fileRef = CEA706DE1C81135000204138 /* Institution.swift */; };
		CEA706E11C8116E900204138 /* ProcedureDetails.swift in Sources */ = {isa = PBXBuildFile; fileRef = CEA706E01C8116E900204138 /* ProcedureDetails.swift */; };
		CEA706E31C81173B00204138 /* ProcedureCategory.swift in Sources */ = {isa = PBXBuildFile; fileRef = CEA706E21C81173B00204138 /* ProcedureCategory.swift */; };
		CEA706E51C81181D00204138 /* Specialty.swift in Sources */ = {isa = PBXBuildFile; fileRef = CEA706E41C81181D00204138 /* Specialty.swift */; };
		CEA706E71C81199B00204138 /* ZwischStage.swift in Sources */ = {isa = PBXBuildFile; fileRef = CEA706E61C81199B00204138 /* ZwischStage.swift */; };
		CEA706E91C81215000204138 /* CaseDateViewController.swift in Sources */ = {isa = PBXBuildFile; fileRef = CEA706E81C81215000204138 /* CaseDateViewController.swift */; };
		CEC132001C81F2D700A20D37 /* AttendingTableViewController.swift in Sources */ = {isa = PBXBuildFile; fileRef = CEC131FF1C81F2D700A20D37 /* AttendingTableViewController.swift */; };
		CEC132031C81F39F00A20D37 /* PhysicianFetcher.swift in Sources */ = {isa = PBXBuildFile; fileRef = CEC132021C81F39F00A20D37 /* PhysicianFetcher.swift */; };
		CEC132061C8205DA00A20D37 /* EZLoadingActivity.swift in Sources */ = {isa = PBXBuildFile; fileRef = CEC132051C8205DA00A20D37 /* EZLoadingActivity.swift */; };
		CEC132081C82070300A20D37 /* Functions.swift in Sources */ = {isa = PBXBuildFile; fileRef = CEC132071C82070300A20D37 /* Functions.swift */; };
		CEC1320A1C8229CD00A20D37 /* SpecialtyTableViewController.swift in Sources */ = {isa = PBXBuildFile; fileRef = CEC132091C8229CD00A20D37 /* SpecialtyTableViewController.swift */; };
		CEC1320C1C822B1000A20D37 /* SpecialtyFetcher.swift in Sources */ = {isa = PBXBuildFile; fileRef = CEC1320B1C822B1000A20D37 /* SpecialtyFetcher.swift */; };
		CEC1320E1C82360B00A20D37 /* ProcedureCategoryTableViewController.swift in Sources */ = {isa = PBXBuildFile; fileRef = CEC1320D1C82360B00A20D37 /* ProcedureCategoryTableViewController.swift */; };
		CEC132101C823BD400A20D37 /* ProcedureDetailsTableViewController.swift in Sources */ = {isa = PBXBuildFile; fileRef = CEC1320F1C823BD400A20D37 /* ProcedureDetailsTableViewController.swift */; };
		CEC132141C827CD900A20D37 /* RedoViewController.swift in Sources */ = {isa = PBXBuildFile; fileRef = CEC132131C827CD900A20D37 /* RedoViewController.swift */; };
		CEC132161C8282D700A20D37 /* style.css in Resources */ = {isa = PBXBuildFile; fileRef = CEC132151C8282D700A20D37 /* style.css */; };
		CEC132181C82835500A20D37 /* ZwischTableViewController.swift in Sources */ = {isa = PBXBuildFile; fileRef = CEC132171C82835500A20D37 /* ZwischTableViewController.swift */; };
		CEC1321A1C82848D00A20D37 /* ZwischFetcher.swift in Sources */ = {isa = PBXBuildFile; fileRef = CEC132191C82848D00A20D37 /* ZwischFetcher.swift */; };
		CEC1321C1C82898300A20D37 /* ZwischInfoViewController.swift in Sources */ = {isa = PBXBuildFile; fileRef = CEC1321B1C82898300A20D37 /* ZwischInfoViewController.swift */; };
		CEC1321E1C82919300A20D37 /* DifficultyViewController.swift in Sources */ = {isa = PBXBuildFile; fileRef = CEC1321D1C82919300A20D37 /* DifficultyViewController.swift */; };
		CEC132201C829AE800A20D37 /* ResidentSubmitViewController.swift in Sources */ = {isa = PBXBuildFile; fileRef = CEC1321F1C829AE800A20D37 /* ResidentSubmitViewController.swift */; };
		CEC132221C82A01500A20D37 /* CaseSubmitter.swift in Sources */ = {isa = PBXBuildFile; fileRef = CEC132211C82A01500A20D37 /* CaseSubmitter.swift */; };
		CEEA95D71C83392900EB81CF /* SJNotificationViewController.m in Sources */ = {isa = PBXBuildFile; fileRef = CEEA95D51C83392900EB81CF /* SJNotificationViewController.m */; };
		CEEA95D81C83392900EB81CF /* SJNotificationViewController.xib in Resources */ = {isa = PBXBuildFile; fileRef = CEEA95D61C83392900EB81CF /* SJNotificationViewController.xib */; };
		CEEA95DC1C83512C00EB81CF /* PendingCasesTableViewController.swift in Sources */ = {isa = PBXBuildFile; fileRef = CEEA95DB1C83512C00EB81CF /* PendingCasesTableViewController.swift */; };
		CEEA95DE1C8354DF00EB81CF /* PendingCasesFetcher.swift in Sources */ = {isa = PBXBuildFile; fileRef = CEEA95DD1C8354DF00EB81CF /* PendingCasesFetcher.swift */; };
		CEEA95E01C835EAA00EB81CF /* Read Me in Resources */ = {isa = PBXBuildFile; fileRef = CEEA95DF1C835EAA00EB81CF /* Read Me */; };
		CEEA95E21C8360F400EB81CF /* PendingCaseDetailViewController.swift in Sources */ = {isa = PBXBuildFile; fileRef = CEEA95E11C8360F400EB81CF /* PendingCaseDetailViewController.swift */; };
		CEEA95E51C83697300EB81CF /* CompletedCasesTableViewController.swift in Sources */ = {isa = PBXBuildFile; fileRef = CEEA95E41C83697300EB81CF /* CompletedCasesTableViewController.swift */; };
		CEEA95E71C836D1B00EB81CF /* CompletedCasesFetcher.swift in Sources */ = {isa = PBXBuildFile; fileRef = CEEA95E61C836D1B00EB81CF /* CompletedCasesFetcher.swift */; };
		CEEA95E91C83778800EB81CF /* CompletedCaseDetailViewController.swift in Sources */ = {isa = PBXBuildFile; fileRef = CEEA95E81C83778800EB81CF /* CompletedCaseDetailViewController.swift */; };
		CEEA95EB1C837CE800EB81CF /* CaseUpdater.swift in Sources */ = {isa = PBXBuildFile; fileRef = CEEA95EA1C837CE800EB81CF /* CaseUpdater.swift */; };
		CEEA95EE1C839D2E00EB81CF /* AttendingHomeTableViewController.swift in Sources */ = {isa = PBXBuildFile; fileRef = CEEA95ED1C839D2E00EB81CF /* AttendingHomeTableViewController.swift */; };
		CEEA95F01C83A32100EB81CF /* AttendingHomeCasesFetcher.swift in Sources */ = {isa = PBXBuildFile; fileRef = CEEA95EF1C83A32100EB81CF /* AttendingHomeCasesFetcher.swift */; };
		CEEA95F21C83AA1300EB81CF /* AttendingCaseDetailViewController.swift in Sources */ = {isa = PBXBuildFile; fileRef = CEEA95F11C83AA1300EB81CF /* AttendingCaseDetailViewController.swift */; };
		CEEA95FA1C851E6C00EB81CF /* AttendingZwischInfoViewController.swift in Sources */ = {isa = PBXBuildFile; fileRef = CEEA95F91C851E6C00EB81CF /* AttendingZwischInfoViewController.swift */; };
		CEEA95FC1C876AC600EB81CF /* AttendingCaseUpdater.swift in Sources */ = {isa = PBXBuildFile; fileRef = CEEA95FB1C876AC600EB81CF /* AttendingCaseUpdater.swift */; };
/* End PBXBuildFile section */

/* Begin PBXFileReference section */
		CEA705DF1C80EDD600204138 /* ZwischMe3.app */ = {isa = PBXFileReference; explicitFileType = wrapper.application; includeInIndex = 0; path = ZwischMe3.app; sourceTree = BUILT_PRODUCTS_DIR; };
		CEA705E21C80EDD600204138 /* AppDelegate.swift */ = {isa = PBXFileReference; lastKnownFileType = sourcecode.swift; path = AppDelegate.swift; sourceTree = "<group>"; };
		CEA705E71C80EDD600204138 /* Base */ = {isa = PBXFileReference; lastKnownFileType = file.storyboard; name = Base; path = Base.lproj/Main.storyboard; sourceTree = "<group>"; };
		CEA705E91C80EDD600204138 /* Assets.xcassets */ = {isa = PBXFileReference; lastKnownFileType = folder.assetcatalog; path = Assets.xcassets; sourceTree = "<group>"; };
		CEA705EC1C80EDD600204138 /* Base */ = {isa = PBXFileReference; lastKnownFileType = file.storyboard; name = Base; path = Base.lproj/LaunchScreen.storyboard; sourceTree = "<group>"; };
		CEA705EE1C80EDD600204138 /* Info.plist */ = {isa = PBXFileReference; lastKnownFileType = text.plist.xml; path = Info.plist; sourceTree = "<group>"; };
		CEA705F41C80EF0200204138 /* SystemConfiguration.framework */ = {isa = PBXFileReference; lastKnownFileType = wrapper.framework; name = SystemConfiguration.framework; path = System/Library/Frameworks/SystemConfiguration.framework; sourceTree = SDKROOT; };
		CEA705F61C80EF0C00204138 /* libsqlite3.tbd */ = {isa = PBXFileReference; lastKnownFileType = "sourcecode.text-based-dylib-definition"; name = libsqlite3.tbd; path = usr/lib/libsqlite3.tbd; sourceTree = SDKROOT; };
		CEA705F81C80EF1700204138 /* libz.tbd */ = {isa = PBXFileReference; lastKnownFileType = "sourcecode.text-based-dylib-definition"; name = libz.tbd; path = usr/lib/libz.tbd; sourceTree = SDKROOT; };
		CEA705FC1C80EF4800204138 /* backendless.a */ = {isa = PBXFileReference; lastKnownFileType = archive.ar; path = backendless.a; sourceTree = "<group>"; };
		CEA705FE1C80EF4800204138 /* AbstractProperty.h */ = {isa = PBXFileReference; fileEncoding = 4; lastKnownFileType = sourcecode.c.h; path = AbstractProperty.h; sourceTree = "<group>"; };
		CEA705FF1C80EF4800204138 /* AbstractQuery.h */ = {isa = PBXFileReference; fileEncoding = 4; lastKnownFileType = sourcecode.c.h; path = AbstractQuery.h; sourceTree = "<group>"; };
		CEA706001C80EF4800204138 /* AtomicCounters.h */ = {isa = PBXFileReference; fileEncoding = 4; lastKnownFileType = sourcecode.c.h; path = AtomicCounters.h; sourceTree = "<group>"; };
		CEA706011C80EF4800204138 /* AtomicCountersFactory.h */ = {isa = PBXFileReference; fileEncoding = 4; lastKnownFileType = sourcecode.c.h; path = AtomicCountersFactory.h; sourceTree = "<group>"; };
		CEA706021C80EF4800204138 /* Backendless-Bridging-Header.h */ = {isa = PBXFileReference; fileEncoding = 4; lastKnownFileType = sourcecode.c.h; path = "Backendless-Bridging-Header.h"; sourceTree = "<group>"; };
		CEA706031C80EF4800204138 /* Backendless-With-Media-Bridging-Header.h */ = {isa = PBXFileReference; fileEncoding = 4; lastKnownFileType = sourcecode.c.h; path = "Backendless-With-Media-Bridging-Header.h"; sourceTree = "<group>"; };
		CEA706041C80EF4800204138 /* Backendless.h */ = {isa = PBXFileReference; fileEncoding = 4; lastKnownFileType = sourcecode.c.h; path = Backendless.h; sourceTree = "<group>"; };
		CEA706051C80EF4800204138 /* BackendlessBeacon.h */ = {isa = PBXFileReference; fileEncoding = 4; lastKnownFileType = sourcecode.c.h; path = BackendlessBeacon.h; sourceTree = "<group>"; };
		CEA706061C80EF4800204138 /* BackendlessCachePolicy.h */ = {isa = PBXFileReference; fileEncoding = 4; lastKnownFileType = sourcecode.c.h; path = BackendlessCachePolicy.h; sourceTree = "<group>"; };
		CEA706071C80EF4800204138 /* BackendlessCacheProtocol.h */ = {isa = PBXFileReference; fileEncoding = 4; lastKnownFileType = sourcecode.c.h; path = BackendlessCacheProtocol.h; sourceTree = "<group>"; };
		CEA706081C80EF4800204138 /* BackendlessCollection.h */ = {isa = PBXFileReference; fileEncoding = 4; lastKnownFileType = sourcecode.c.h; path = BackendlessCollection.h; sourceTree = "<group>"; };
		CEA706091C80EF4800204138 /* BackendlessDataQuery.h */ = {isa = PBXFileReference; fileEncoding = 4; lastKnownFileType = sourcecode.c.h; path = BackendlessDataQuery.h; sourceTree = "<group>"; };
		CEA7060A1C80EF4800204138 /* BackendlessEntity.h */ = {isa = PBXFileReference; fileEncoding = 4; lastKnownFileType = sourcecode.c.h; path = BackendlessEntity.h; sourceTree = "<group>"; };
		CEA7060B1C80EF4800204138 /* BackendlessFile.h */ = {isa = PBXFileReference; fileEncoding = 4; lastKnownFileType = sourcecode.c.h; path = BackendlessFile.h; sourceTree = "<group>"; };
		CEA7060C1C80EF4800204138 /* BackendlessGeoQuery.h */ = {isa = PBXFileReference; fileEncoding = 4; lastKnownFileType = sourcecode.c.h; path = BackendlessGeoQuery.h; sourceTree = "<group>"; };
		CEA7060D1C80EF4800204138 /* BackendlessSimpleQuery.h */ = {isa = PBXFileReference; fileEncoding = 4; lastKnownFileType = sourcecode.c.h; path = BackendlessSimpleQuery.h; sourceTree = "<group>"; };
		CEA7060E1C80EF4800204138 /* BackendlessUser.h */ = {isa = PBXFileReference; fileEncoding = 4; lastKnownFileType = sourcecode.c.h; path = BackendlessUser.h; sourceTree = "<group>"; };
		CEA7060F1C80EF4800204138 /* BEAnnotation.h */ = {isa = PBXFileReference; fileEncoding = 4; lastKnownFileType = sourcecode.c.h; path = BEAnnotation.h; sourceTree = "<group>"; };
		CEA706101C80EF4800204138 /* BECollectionView.h */ = {isa = PBXFileReference; fileEncoding = 4; lastKnownFileType = sourcecode.c.h; path = BECollectionView.h; sourceTree = "<group>"; };
		CEA706111C80EF4800204138 /* BEFileInfo.h */ = {isa = PBXFileReference; fileEncoding = 4; lastKnownFileType = sourcecode.c.h; path = BEFileInfo.h; sourceTree = "<group>"; };
		CEA706121C80EF4800204138 /* BEMapView.h */ = {isa = PBXFileReference; fileEncoding = 4; lastKnownFileType = sourcecode.c.h; path = BEMapView.h; sourceTree = "<group>"; };
		CEA706131C80EF4800204138 /* BESubscription.h */ = {isa = PBXFileReference; fileEncoding = 4; lastKnownFileType = sourcecode.c.h; path = BESubscription.h; sourceTree = "<group>"; };
		CEA706141C80EF4800204138 /* BETableView.h */ = {isa = PBXFileReference; fileEncoding = 4; lastKnownFileType = sourcecode.c.h; path = BETableView.h; sourceTree = "<group>"; };
		CEA706151C80EF4800204138 /* CacheFactory.h */ = {isa = PBXFileReference; fileEncoding = 4; lastKnownFileType = sourcecode.c.h; path = CacheFactory.h; sourceTree = "<group>"; };
		CEA706161C80EF4800204138 /* CacheService.h */ = {isa = PBXFileReference; fileEncoding = 4; lastKnownFileType = sourcecode.c.h; path = CacheService.h; sourceTree = "<group>"; };
		CEA706171C80EF4800204138 /* CustomService.h */ = {isa = PBXFileReference; fileEncoding = 4; lastKnownFileType = sourcecode.c.h; path = CustomService.h; sourceTree = "<group>"; };
		CEA706181C80EF4800204138 /* DataPermission.h */ = {isa = PBXFileReference; fileEncoding = 4; lastKnownFileType = sourcecode.c.h; path = DataPermission.h; sourceTree = "<group>"; };
		CEA706191C80EF4800204138 /* DataStoreFactory.h */ = {isa = PBXFileReference; fileEncoding = 4; lastKnownFileType = sourcecode.c.h; path = DataStoreFactory.h; sourceTree = "<group>"; };
		CEA7061A1C80EF4800204138 /* DeliveryOptions.h */ = {isa = PBXFileReference; fileEncoding = 4; lastKnownFileType = sourcecode.c.h; path = DeliveryOptions.h; sourceTree = "<group>"; };
		CEA7061B1C80EF4800204138 /* DeviceRegistration.h */ = {isa = PBXFileReference; fileEncoding = 4; lastKnownFileType = sourcecode.c.h; path = DeviceRegistration.h; sourceTree = "<group>"; };
		CEA7061C1C80EF4800204138 /* Events.h */ = {isa = PBXFileReference; fileEncoding = 4; lastKnownFileType = sourcecode.c.h; path = Events.h; sourceTree = "<group>"; };
		CEA7061D1C80EF4800204138 /* FilePermission.h */ = {isa = PBXFileReference; fileEncoding = 4; lastKnownFileType = sourcecode.c.h; path = FilePermission.h; sourceTree = "<group>"; };
		CEA7061E1C80EF4800204138 /* FileService.h */ = {isa = PBXFileReference; fileEncoding = 4; lastKnownFileType = sourcecode.c.h; path = FileService.h; sourceTree = "<group>"; };
		CEA7061F1C80EF4800204138 /* GeoCategory.h */ = {isa = PBXFileReference; fileEncoding = 4; lastKnownFileType = sourcecode.c.h; path = GeoCategory.h; sourceTree = "<group>"; };
		CEA706201C80EF4800204138 /* GeoCluster.h */ = {isa = PBXFileReference; fileEncoding = 4; lastKnownFileType = sourcecode.c.h; path = GeoCluster.h; sourceTree = "<group>"; };
		CEA706211C80EF4800204138 /* GeoFence.h */ = {isa = PBXFileReference; fileEncoding = 4; lastKnownFileType = sourcecode.c.h; path = GeoFence.h; sourceTree = "<group>"; };
		CEA706221C80EF4800204138 /* GeoPoint.h */ = {isa = PBXFileReference; fileEncoding = 4; lastKnownFileType = sourcecode.c.h; path = GeoPoint.h; sourceTree = "<group>"; };
		CEA706231C80EF4800204138 /* GeoService.h */ = {isa = PBXFileReference; fileEncoding = 4; lastKnownFileType = sourcecode.c.h; path = GeoService.h; sourceTree = "<group>"; };
		CEA706241C80EF4800204138 /* HashMap.h */ = {isa = PBXFileReference; fileEncoding = 4; lastKnownFileType = sourcecode.c.h; path = HashMap.h; sourceTree = "<group>"; };
		CEA706251C80EF4800204138 /* IAtomicCounters.h */ = {isa = PBXFileReference; fileEncoding = 4; lastKnownFileType = sourcecode.c.h; path = IAtomicCounters.h; sourceTree = "<group>"; };
		CEA706261C80EF4800204138 /* ICacheService.h */ = {isa = PBXFileReference; fileEncoding = 4; lastKnownFileType = sourcecode.c.h; path = ICacheService.h; sourceTree = "<group>"; };
		CEA706271C80EF4800204138 /* ICallback.h */ = {isa = PBXFileReference; fileEncoding = 4; lastKnownFileType = sourcecode.c.h; path = ICallback.h; sourceTree = "<group>"; };
		CEA706281C80EF4800204138 /* IDataStore.h */ = {isa = PBXFileReference; fileEncoding = 4; lastKnownFileType = sourcecode.c.h; path = IDataStore.h; sourceTree = "<group>"; };
		CEA706291C80EF4800204138 /* IMediaStreamer.h */ = {isa = PBXFileReference; fileEncoding = 4; lastKnownFileType = sourcecode.c.h; path = IMediaStreamer.h; sourceTree = "<group>"; };
		CEA7062A1C80EF4800204138 /* IPresenceListener.h */ = {isa = PBXFileReference; fileEncoding = 4; lastKnownFileType = sourcecode.c.h; path = IPresenceListener.h; sourceTree = "<group>"; };
		CEA7062B1C80EF4800204138 /* LocationTracker.h */ = {isa = PBXFileReference; fileEncoding = 4; lastKnownFileType = sourcecode.c.h; path = LocationTracker.h; sourceTree = "<group>"; };
		CEA7062C1C80EF4800204138 /* Logger.h */ = {isa = PBXFileReference; fileEncoding = 4; lastKnownFileType = sourcecode.c.h; path = Logger.h; sourceTree = "<group>"; };
		CEA7062D1C80EF4800204138 /* Logging.h */ = {isa = PBXFileReference; fileEncoding = 4; lastKnownFileType = sourcecode.c.h; path = Logging.h; sourceTree = "<group>"; };
		CEA7062E1C80EF4800204138 /* MediaPlaybackOptions.h */ = {isa = PBXFileReference; fileEncoding = 4; lastKnownFileType = sourcecode.c.h; path = MediaPlaybackOptions.h; sourceTree = "<group>"; };
		CEA7062F1C80EF4800204138 /* MediaPlayer.h */ = {isa = PBXFileReference; fileEncoding = 4; lastKnownFileType = sourcecode.c.h; path = MediaPlayer.h; sourceTree = "<group>"; };
		CEA706301C80EF4800204138 /* MediaPublisher.h */ = {isa = PBXFileReference; fileEncoding = 4; lastKnownFileType = sourcecode.c.h; path = MediaPublisher.h; sourceTree = "<group>"; };
		CEA706311C80EF4800204138 /* MediaPublishOptions.h */ = {isa = PBXFileReference; fileEncoding = 4; lastKnownFileType = sourcecode.c.h; path = MediaPublishOptions.h; sourceTree = "<group>"; };
		CEA706321C80EF4800204138 /* MediaService.h */ = {isa = PBXFileReference; fileEncoding = 4; lastKnownFileType = sourcecode.c.h; path = MediaService.h; sourceTree = "<group>"; };
		CEA706331C80EF4800204138 /* Message.h */ = {isa = PBXFileReference; fileEncoding = 4; lastKnownFileType = sourcecode.c.h; path = Message.h; sourceTree = "<group>"; };
		CEA706341C80EF4800204138 /* MessageStatus.h */ = {isa = PBXFileReference; fileEncoding = 4; lastKnownFileType = sourcecode.c.h; path = MessageStatus.h; sourceTree = "<group>"; };
		CEA706351C80EF4800204138 /* MessagingService.h */ = {isa = PBXFileReference; fileEncoding = 4; lastKnownFileType = sourcecode.c.h; path = MessagingService.h; sourceTree = "<group>"; };
		CEA706361C80EF4800204138 /* ObjectProperty.h */ = {isa = PBXFileReference; fileEncoding = 4; lastKnownFileType = sourcecode.c.h; path = ObjectProperty.h; sourceTree = "<group>"; };
		CEA706371C80EF4800204138 /* PersistenceService.h */ = {isa = PBXFileReference; fileEncoding = 4; lastKnownFileType = sourcecode.c.h; path = PersistenceService.h; sourceTree = "<group>"; };
		CEA706381C80EF4800204138 /* Presence.h */ = {isa = PBXFileReference; fileEncoding = 4; lastKnownFileType = sourcecode.c.h; path = Presence.h; sourceTree = "<group>"; };
		CEA706391C80EF4800204138 /* ProtectedBackendlessGeoQuery.h */ = {isa = PBXFileReference; fileEncoding = 4; lastKnownFileType = sourcecode.c.h; path = ProtectedBackendlessGeoQuery.h; sourceTree = "<group>"; };
		CEA7063A1C80EF4800204138 /* PublishOptions.h */ = {isa = PBXFileReference; fileEncoding = 4; lastKnownFileType = sourcecode.c.h; path = PublishOptions.h; sourceTree = "<group>"; };
		CEA7063B1C80EF4800204138 /* QueryOptions.h */ = {isa = PBXFileReference; fileEncoding = 4; lastKnownFileType = sourcecode.c.h; path = QueryOptions.h; sourceTree = "<group>"; };
		CEA7063C1C80EF4800204138 /* SubscriptionOptions.h */ = {isa = PBXFileReference; fileEncoding = 4; lastKnownFileType = sourcecode.c.h; path = SubscriptionOptions.h; sourceTree = "<group>"; };
		CEA7063D1C80EF4800204138 /* UserProperty.h */ = {isa = PBXFileReference; fileEncoding = 4; lastKnownFileType = sourcecode.c.h; path = UserProperty.h; sourceTree = "<group>"; };
		CEA7063E1C80EF4800204138 /* UserService.h */ = {isa = PBXFileReference; fileEncoding = 4; lastKnownFileType = sourcecode.c.h; path = UserService.h; sourceTree = "<group>"; };
		CEA706401C80EF4800204138 /* CommLibiOS.a */ = {isa = PBXFileReference; lastKnownFileType = archive.ar; path = CommLibiOS.a; sourceTree = "<group>"; };
		CEA706421C80EF4800204138 /* AMFSerializer.h */ = {isa = PBXFileReference; fileEncoding = 4; lastKnownFileType = sourcecode.c.h; path = AMFSerializer.h; sourceTree = "<group>"; };
		CEA706431C80EF4800204138 /* BinaryCodec.h */ = {isa = PBXFileReference; fileEncoding = 4; lastKnownFileType = sourcecode.c.h; path = BinaryCodec.h; sourceTree = "<group>"; };
		CEA706441C80EF4800204138 /* BinaryStream.h */ = {isa = PBXFileReference; fileEncoding = 4; lastKnownFileType = sourcecode.c.h; path = BinaryStream.h; sourceTree = "<group>"; };
		CEA706451C80EF4800204138 /* DEBUG.h */ = {isa = PBXFileReference; fileEncoding = 4; lastKnownFileType = sourcecode.c.h; path = DEBUG.h; sourceTree = "<group>"; };
		CEA706461C80EF4800204138 /* FlashorbBinaryReader.h */ = {isa = PBXFileReference; fileEncoding = 4; lastKnownFileType = sourcecode.c.h; path = FlashorbBinaryReader.h; sourceTree = "<group>"; };
		CEA706471C80EF4800204138 /* FlashorbBinaryWriter.h */ = {isa = PBXFileReference; fileEncoding = 4; lastKnownFileType = sourcecode.c.h; path = FlashorbBinaryWriter.h; sourceTree = "<group>"; };
		CEA706481C80EF4800204138 /* IAttributeStore.h */ = {isa = PBXFileReference; fileEncoding = 4; lastKnownFileType = sourcecode.c.h; path = IAttributeStore.h; sourceTree = "<group>"; };
		CEA706491C80EF4800204138 /* IClientSharedObject.h */ = {isa = PBXFileReference; fileEncoding = 4; lastKnownFileType = sourcecode.c.h; path = IClientSharedObject.h; sourceTree = "<group>"; };
		CEA7064A1C80EF4800204138 /* IClientSharedObjectDelegate.h */ = {isa = PBXFileReference; fileEncoding = 4; lastKnownFileType = sourcecode.c.h; path = IClientSharedObjectDelegate.h; sourceTree = "<group>"; };
		CEA7064B1C80EF4800204138 /* IPendingServiceCallback.h */ = {isa = PBXFileReference; fileEncoding = 4; lastKnownFileType = sourcecode.c.h; path = IPendingServiceCallback.h; sourceTree = "<group>"; };
		CEA7064C1C80EF4800204138 /* IPersistable.h */ = {isa = PBXFileReference; fileEncoding = 4; lastKnownFileType = sourcecode.c.h; path = IPersistable.h; sourceTree = "<group>"; };
		CEA7064D1C80EF4800204138 /* IRTMProtocol.h */ = {isa = PBXFileReference; fileEncoding = 4; lastKnownFileType = sourcecode.c.h; path = IRTMProtocol.h; sourceTree = "<group>"; };
		CEA7064E1C80EF4800204138 /* IServiceCall.h */ = {isa = PBXFileReference; fileEncoding = 4; lastKnownFileType = sourcecode.c.h; path = IServiceCall.h; sourceTree = "<group>"; };
		CEA7064F1C80EF4800204138 /* ISharedObjectListener.h */ = {isa = PBXFileReference; fileEncoding = 4; lastKnownFileType = sourcecode.c.h; path = ISharedObjectListener.h; sourceTree = "<group>"; };
		CEA706501C80EF4800204138 /* MemoryTicker.h */ = {isa = PBXFileReference; fileEncoding = 4; lastKnownFileType = sourcecode.c.h; path = MemoryTicker.h; sourceTree = "<group>"; };
		CEA706511C80EF4800204138 /* Responder.h */ = {isa = PBXFileReference; fileEncoding = 4; lastKnownFileType = sourcecode.c.h; path = Responder.h; sourceTree = "<group>"; };
		CEA706521C80EF4800204138 /* RTMPClient.h */ = {isa = PBXFileReference; fileEncoding = 4; lastKnownFileType = sourcecode.c.h; path = RTMPClient.h; sourceTree = "<group>"; };
		CEA706531C80EF4800204138 /* Types.h */ = {isa = PBXFileReference; fileEncoding = 4; lastKnownFileType = sourcecode.c.h; path = Types.h; sourceTree = "<group>"; };
		CEA706541C80EF4800204138 /* WeborbClient.h */ = {isa = PBXFileReference; fileEncoding = 4; lastKnownFileType = sourcecode.c.h; path = WeborbClient.h; sourceTree = "<group>"; };
		CEA706581C80EF4800204138 /* avcodec.h */ = {isa = PBXFileReference; fileEncoding = 4; lastKnownFileType = sourcecode.c.h; path = avcodec.h; sourceTree = "<group>"; };
		CEA706591C80EF4800204138 /* avfft.h */ = {isa = PBXFileReference; fileEncoding = 4; lastKnownFileType = sourcecode.c.h; path = avfft.h; sourceTree = "<group>"; };
		CEA7065A1C80EF4800204138 /* dv_profile.h */ = {isa = PBXFileReference; fileEncoding = 4; lastKnownFileType = sourcecode.c.h; path = dv_profile.h; sourceTree = "<group>"; };
		CEA7065B1C80EF4800204138 /* dxva2.h */ = {isa = PBXFileReference; fileEncoding = 4; lastKnownFileType = sourcecode.c.h; path = dxva2.h; sourceTree = "<group>"; };
		CEA7065C1C80EF4800204138 /* vaapi.h */ = {isa = PBXFileReference; fileEncoding = 4; lastKnownFileType = sourcecode.c.h; path = vaapi.h; sourceTree = "<group>"; };
		CEA7065D1C80EF4800204138 /* vda.h */ = {isa = PBXFileReference; fileEncoding = 4; lastKnownFileType = sourcecode.c.h; path = vda.h; sourceTree = "<group>"; };
		CEA7065E1C80EF4800204138 /* vdpau.h */ = {isa = PBXFileReference; fileEncoding = 4; lastKnownFileType = sourcecode.c.h; path = vdpau.h; sourceTree = "<group>"; };
		CEA7065F1C80EF4800204138 /* version.h */ = {isa = PBXFileReference; fileEncoding = 4; lastKnownFileType = sourcecode.c.h; path = version.h; sourceTree = "<group>"; };
		CEA706601C80EF4800204138 /* xvmc.h */ = {isa = PBXFileReference; fileEncoding = 4; lastKnownFileType = sourcecode.c.h; path = xvmc.h; sourceTree = "<group>"; };
		CEA706621C80EF4800204138 /* avdevice.h */ = {isa = PBXFileReference; fileEncoding = 4; lastKnownFileType = sourcecode.c.h; path = avdevice.h; sourceTree = "<group>"; };
		CEA706631C80EF4800204138 /* version.h */ = {isa = PBXFileReference; fileEncoding = 4; lastKnownFileType = sourcecode.c.h; path = version.h; sourceTree = "<group>"; };
		CEA706651C80EF4800204138 /* avfilter.h */ = {isa = PBXFileReference; fileEncoding = 4; lastKnownFileType = sourcecode.c.h; path = avfilter.h; sourceTree = "<group>"; };
		CEA706661C80EF4800204138 /* avfiltergraph.h */ = {isa = PBXFileReference; fileEncoding = 4; lastKnownFileType = sourcecode.c.h; path = avfiltergraph.h; sourceTree = "<group>"; };
		CEA706671C80EF4800204138 /* buffersink.h */ = {isa = PBXFileReference; fileEncoding = 4; lastKnownFileType = sourcecode.c.h; path = buffersink.h; sourceTree = "<group>"; };
		CEA706681C80EF4800204138 /* buffersrc.h */ = {isa = PBXFileReference; fileEncoding = 4; lastKnownFileType = sourcecode.c.h; path = buffersrc.h; sourceTree = "<group>"; };
		CEA706691C80EF4800204138 /* version.h */ = {isa = PBXFileReference; fileEncoding = 4; lastKnownFileType = sourcecode.c.h; path = version.h; sourceTree = "<group>"; };
		CEA7066B1C80EF4800204138 /* avformat.h */ = {isa = PBXFileReference; fileEncoding = 4; lastKnownFileType = sourcecode.c.h; path = avformat.h; sourceTree = "<group>"; };
		CEA7066C1C80EF4800204138 /* avio.h */ = {isa = PBXFileReference; fileEncoding = 4; lastKnownFileType = sourcecode.c.h; path = avio.h; sourceTree = "<group>"; };
		CEA7066D1C80EF4800204138 /* version.h */ = {isa = PBXFileReference; fileEncoding = 4; lastKnownFileType = sourcecode.c.h; path = version.h; sourceTree = "<group>"; };
		CEA7066F1C80EF4800204138 /* avresample.h */ = {isa = PBXFileReference; fileEncoding = 4; lastKnownFileType = sourcecode.c.h; path = avresample.h; sourceTree = "<group>"; };
		CEA706701C80EF4800204138 /* version.h */ = {isa = PBXFileReference; fileEncoding = 4; lastKnownFileType = sourcecode.c.h; path = version.h; sourceTree = "<group>"; };
		CEA706721C80EF4800204138 /* adler32.h */ = {isa = PBXFileReference; fileEncoding = 4; lastKnownFileType = sourcecode.c.h; path = adler32.h; sourceTree = "<group>"; };
		CEA706731C80EF4800204138 /* aes.h */ = {isa = PBXFileReference; fileEncoding = 4; lastKnownFileType = sourcecode.c.h; path = aes.h; sourceTree = "<group>"; };
		CEA706741C80EF4800204138 /* attributes.h */ = {isa = PBXFileReference; fileEncoding = 4; lastKnownFileType = sourcecode.c.h; path = attributes.h; sourceTree = "<group>"; };
		CEA706751C80EF4800204138 /* audio_fifo.h */ = {isa = PBXFileReference; fileEncoding = 4; lastKnownFileType = sourcecode.c.h; path = audio_fifo.h; sourceTree = "<group>"; };
		CEA706761C80EF4800204138 /* audioconvert.h */ = {isa = PBXFileReference; fileEncoding = 4; lastKnownFileType = sourcecode.c.h; path = audioconvert.h; sourceTree = "<group>"; };
		CEA706771C80EF4800204138 /* avassert.h */ = {isa = PBXFileReference; fileEncoding = 4; lastKnownFileType = sourcecode.c.h; path = avassert.h; sourceTree = "<group>"; };
		CEA706781C80EF4800204138 /* avconfig.h */ = {isa = PBXFileReference; fileEncoding = 4; lastKnownFileType = sourcecode.c.h; path = avconfig.h; sourceTree = "<group>"; };
		CEA706791C80EF4800204138 /* avstring.h */ = {isa = PBXFileReference; fileEncoding = 4; lastKnownFileType = sourcecode.c.h; path = avstring.h; sourceTree = "<group>"; };
		CEA7067A1C80EF4800204138 /* avutil.h */ = {isa = PBXFileReference; fileEncoding = 4; lastKnownFileType = sourcecode.c.h; path = avutil.h; sourceTree = "<group>"; };
		CEA7067B1C80EF4800204138 /* base64.h */ = {isa = PBXFileReference; fileEncoding = 4; lastKnownFileType = sourcecode.c.h; path = base64.h; sourceTree = "<group>"; };
		CEA7067C1C80EF4800204138 /* blowfish.h */ = {isa = PBXFileReference; fileEncoding = 4; lastKnownFileType = sourcecode.c.h; path = blowfish.h; sourceTree = "<group>"; };
		CEA7067D1C80EF4800204138 /* bswap.h */ = {isa = PBXFileReference; fileEncoding = 4; lastKnownFileType = sourcecode.c.h; path = bswap.h; sourceTree = "<group>"; };
		CEA7067E1C80EF4800204138 /* buffer.h */ = {isa = PBXFileReference; fileEncoding = 4; lastKnownFileType = sourcecode.c.h; path = buffer.h; sourceTree = "<group>"; };
		CEA7067F1C80EF4800204138 /* channel_layout.h */ = {isa = PBXFileReference; fileEncoding = 4; lastKnownFileType = sourcecode.c.h; path = channel_layout.h; sourceTree = "<group>"; };
		CEA706801C80EF4800204138 /* common.h */ = {isa = PBXFileReference; fileEncoding = 4; lastKnownFileType = sourcecode.c.h; path = common.h; sourceTree = "<group>"; };
		CEA706811C80EF4800204138 /* cpu.h */ = {isa = PBXFileReference; fileEncoding = 4; lastKnownFileType = sourcecode.c.h; path = cpu.h; sourceTree = "<group>"; };
		CEA706821C80EF4800204138 /* crc.h */ = {isa = PBXFileReference; fileEncoding = 4; lastKnownFileType = sourcecode.c.h; path = crc.h; sourceTree = "<group>"; };
		CEA706831C80EF4800204138 /* dict.h */ = {isa = PBXFileReference; fileEncoding = 4; lastKnownFileType = sourcecode.c.h; path = dict.h; sourceTree = "<group>"; };
		CEA706841C80EF4800204138 /* display.h */ = {isa = PBXFileReference; fileEncoding = 4; lastKnownFileType = sourcecode.c.h; path = display.h; sourceTree = "<group>"; };
		CEA706851C80EF4800204138 /* downmix_info.h */ = {isa = PBXFileReference; fileEncoding = 4; lastKnownFileType = sourcecode.c.h; path = downmix_info.h; sourceTree = "<group>"; };
		CEA706861C80EF4800204138 /* error.h */ = {isa = PBXFileReference; fileEncoding = 4; lastKnownFileType = sourcecode.c.h; path = error.h; sourceTree = "<group>"; };
		CEA706871C80EF4800204138 /* eval.h */ = {isa = PBXFileReference; fileEncoding = 4; lastKnownFileType = sourcecode.c.h; path = eval.h; sourceTree = "<group>"; };
		CEA706881C80EF4800204138 /* fifo.h */ = {isa = PBXFileReference; fileEncoding = 4; lastKnownFileType = sourcecode.c.h; path = fifo.h; sourceTree = "<group>"; };
		CEA706891C80EF4800204138 /* file.h */ = {isa = PBXFileReference; fileEncoding = 4; lastKnownFileType = sourcecode.c.h; path = file.h; sourceTree = "<group>"; };
		CEA7068A1C80EF4800204138 /* frame.h */ = {isa = PBXFileReference; fileEncoding = 4; lastKnownFileType = sourcecode.c.h; path = frame.h; sourceTree = "<group>"; };
		CEA7068B1C80EF4800204138 /* hmac.h */ = {isa = PBXFileReference; fileEncoding = 4; lastKnownFileType = sourcecode.c.h; path = hmac.h; sourceTree = "<group>"; };
		CEA7068C1C80EF4800204138 /* imgutils.h */ = {isa = PBXFileReference; fileEncoding = 4; lastKnownFileType = sourcecode.c.h; path = imgutils.h; sourceTree = "<group>"; };
		CEA7068D1C80EF4800204138 /* intfloat.h */ = {isa = PBXFileReference; fileEncoding = 4; lastKnownFileType = sourcecode.c.h; path = intfloat.h; sourceTree = "<group>"; };
		CEA7068E1C80EF4800204138 /* intreadwrite.h */ = {isa = PBXFileReference; fileEncoding = 4; lastKnownFileType = sourcecode.c.h; path = intreadwrite.h; sourceTree = "<group>"; };
		CEA7068F1C80EF4800204138 /* lfg.h */ = {isa = PBXFileReference; fileEncoding = 4; lastKnownFileType = sourcecode.c.h; path = lfg.h; sourceTree = "<group>"; };
		CEA706901C80EF4800204138 /* log.h */ = {isa = PBXFileReference; fileEncoding = 4; lastKnownFileType = sourcecode.c.h; path = log.h; sourceTree = "<group>"; };
		CEA706911C80EF4800204138 /* macros.h */ = {isa = PBXFileReference; fileEncoding = 4; lastKnownFileType = sourcecode.c.h; path = macros.h; sourceTree = "<group>"; };
		CEA706921C80EF4800204138 /* mathematics.h */ = {isa = PBXFileReference; fileEncoding = 4; lastKnownFileType = sourcecode.c.h; path = mathematics.h; sourceTree = "<group>"; };
		CEA706931C80EF4800204138 /* md5.h */ = {isa = PBXFileReference; fileEncoding = 4; lastKnownFileType = sourcecode.c.h; path = md5.h; sourceTree = "<group>"; };
		CEA706941C80EF4900204138 /* mem.h */ = {isa = PBXFileReference; fileEncoding = 4; lastKnownFileType = sourcecode.c.h; path = mem.h; sourceTree = "<group>"; };
		CEA706951C80EF4900204138 /* old_pix_fmts.h */ = {isa = PBXFileReference; fileEncoding = 4; lastKnownFileType = sourcecode.c.h; path = old_pix_fmts.h; sourceTree = "<group>"; };
		CEA706961C80EF4900204138 /* opt.h */ = {isa = PBXFileReference; fileEncoding = 4; lastKnownFileType = sourcecode.c.h; path = opt.h; sourceTree = "<group>"; };
		CEA706971C80EF4900204138 /* parseutils.h */ = {isa = PBXFileReference; fileEncoding = 4; lastKnownFileType = sourcecode.c.h; path = parseutils.h; sourceTree = "<group>"; };
		CEA706981C80EF4900204138 /* pixdesc.h */ = {isa = PBXFileReference; fileEncoding = 4; lastKnownFileType = sourcecode.c.h; path = pixdesc.h; sourceTree = "<group>"; };
		CEA706991C80EF4900204138 /* pixfmt.h */ = {isa = PBXFileReference; fileEncoding = 4; lastKnownFileType = sourcecode.c.h; path = pixfmt.h; sourceTree = "<group>"; };
		CEA7069A1C80EF4900204138 /* random_seed.h */ = {isa = PBXFileReference; fileEncoding = 4; lastKnownFileType = sourcecode.c.h; path = random_seed.h; sourceTree = "<group>"; };
		CEA7069B1C80EF4900204138 /* rational.h */ = {isa = PBXFileReference; fileEncoding = 4; lastKnownFileType = sourcecode.c.h; path = rational.h; sourceTree = "<group>"; };
		CEA7069C1C80EF4900204138 /* replaygain.h */ = {isa = PBXFileReference; fileEncoding = 4; lastKnownFileType = sourcecode.c.h; path = replaygain.h; sourceTree = "<group>"; };
		CEA7069D1C80EF4900204138 /* samplefmt.h */ = {isa = PBXFileReference; fileEncoding = 4; lastKnownFileType = sourcecode.c.h; path = samplefmt.h; sourceTree = "<group>"; };
		CEA7069E1C80EF4900204138 /* sha.h */ = {isa = PBXFileReference; fileEncoding = 4; lastKnownFileType = sourcecode.c.h; path = sha.h; sourceTree = "<group>"; };
		CEA7069F1C80EF4900204138 /* stereo3d.h */ = {isa = PBXFileReference; fileEncoding = 4; lastKnownFileType = sourcecode.c.h; path = stereo3d.h; sourceTree = "<group>"; };
		CEA706A01C80EF4900204138 /* time.h */ = {isa = PBXFileReference; fileEncoding = 4; lastKnownFileType = sourcecode.c.h; path = time.h; sourceTree = "<group>"; };
		CEA706A11C80EF4900204138 /* version.h */ = {isa = PBXFileReference; fileEncoding = 4; lastKnownFileType = sourcecode.c.h; path = version.h; sourceTree = "<group>"; };
		CEA706A21C80EF4900204138 /* xtea.h */ = {isa = PBXFileReference; fileEncoding = 4; lastKnownFileType = sourcecode.c.h; path = xtea.h; sourceTree = "<group>"; };
		CEA706A41C80EF4900204138 /* swscale.h */ = {isa = PBXFileReference; fileEncoding = 4; lastKnownFileType = sourcecode.c.h; path = swscale.h; sourceTree = "<group>"; };
		CEA706A51C80EF4900204138 /* version.h */ = {isa = PBXFileReference; fileEncoding = 4; lastKnownFileType = sourcecode.c.h; path = version.h; sourceTree = "<group>"; };
		CEA706A71C80EF4900204138 /* libavcodec.a */ = {isa = PBXFileReference; lastKnownFileType = archive.ar; path = libavcodec.a; sourceTree = "<group>"; };
		CEA706A81C80EF4900204138 /* libavdevice.a */ = {isa = PBXFileReference; lastKnownFileType = archive.ar; path = libavdevice.a; sourceTree = "<group>"; };
		CEA706A91C80EF4900204138 /* libavfilter.a */ = {isa = PBXFileReference; lastKnownFileType = archive.ar; path = libavfilter.a; sourceTree = "<group>"; };
		CEA706AA1C80EF4900204138 /* libavformat.a */ = {isa = PBXFileReference; lastKnownFileType = archive.ar; path = libavformat.a; sourceTree = "<group>"; };
		CEA706AB1C80EF4900204138 /* libavutil.a */ = {isa = PBXFileReference; lastKnownFileType = archive.ar; path = libavutil.a; sourceTree = "<group>"; };
		CEA706AC1C80EF4900204138 /* libswscale.a */ = {isa = PBXFileReference; lastKnownFileType = archive.ar; path = libswscale.a; sourceTree = "<group>"; };
		CEA706AF1C80EF4900204138 /* BroadcastStreamClient.h */ = {isa = PBXFileReference; fileEncoding = 4; lastKnownFileType = sourcecode.c.h; path = BroadcastStreamClient.h; sourceTree = "<group>"; };
		CEA706B01C80EF4900204138 /* MediaStreamPlayer.h */ = {isa = PBXFileReference; fileEncoding = 4; lastKnownFileType = sourcecode.c.h; path = MediaStreamPlayer.h; sourceTree = "<group>"; };
		CEA706B11C80EF4900204138 /* MPMediaData.h */ = {isa = PBXFileReference; fileEncoding = 4; lastKnownFileType = sourcecode.c.h; path = MPMediaData.h; sourceTree = "<group>"; };
		CEA706B21C80EF4900204138 /* MPMediaDecoder.h */ = {isa = PBXFileReference; fileEncoding = 4; lastKnownFileType = sourcecode.c.h; path = MPMediaDecoder.h; sourceTree = "<group>"; };
		CEA706B31C80EF4900204138 /* MPMediaEncoder.h */ = {isa = PBXFileReference; fileEncoding = 4; lastKnownFileType = sourcecode.c.h; path = MPMediaEncoder.h; sourceTree = "<group>"; };
		CEA706B41C80EF4900204138 /* VideoPlayer.h */ = {isa = PBXFileReference; fileEncoding = 4; lastKnownFileType = sourcecode.c.h; path = VideoPlayer.h; sourceTree = "<group>"; };
		CEA706B51C80EF4900204138 /* MediaLibiOS.a */ = {isa = PBXFileReference; lastKnownFileType = archive.ar; path = MediaLibiOS.a; sourceTree = "<group>"; };
		CEA706B81C80EF4900204138 /* speex.h */ = {isa = PBXFileReference; fileEncoding = 4; lastKnownFileType = sourcecode.c.h; path = speex.h; sourceTree = "<group>"; };
		CEA706B91C80EF4900204138 /* speex_bits.h */ = {isa = PBXFileReference; fileEncoding = 4; lastKnownFileType = sourcecode.c.h; path = speex_bits.h; sourceTree = "<group>"; };
		CEA706BA1C80EF4900204138 /* speex_callbacks.h */ = {isa = PBXFileReference; fileEncoding = 4; lastKnownFileType = sourcecode.c.h; path = speex_callbacks.h; sourceTree = "<group>"; };
		CEA706BB1C80EF4900204138 /* speex_config_types.h */ = {isa = PBXFileReference; fileEncoding = 4; lastKnownFileType = sourcecode.c.h; path = speex_config_types.h; sourceTree = "<group>"; };
		CEA706BC1C80EF4900204138 /* speex_header.h */ = {isa = PBXFileReference; fileEncoding = 4; lastKnownFileType = sourcecode.c.h; path = speex_header.h; sourceTree = "<group>"; };
		CEA706BD1C80EF4900204138 /* speex_stereo.h */ = {isa = PBXFileReference; fileEncoding = 4; lastKnownFileType = sourcecode.c.h; path = speex_stereo.h; sourceTree = "<group>"; };
		CEA706BE1C80EF4900204138 /* speex_types.h */ = {isa = PBXFileReference; fileEncoding = 4; lastKnownFileType = sourcecode.c.h; path = speex_types.h; sourceTree = "<group>"; };
		CEA706C01C80EF4900204138 /* libspeex.a */ = {isa = PBXFileReference; lastKnownFileType = archive.ar; path = libspeex.a; sourceTree = "<group>"; };
		CEA706C31C80EF4900204138 /* x264.h */ = {isa = PBXFileReference; fileEncoding = 4; lastKnownFileType = sourcecode.c.h; path = x264.h; sourceTree = "<group>"; };
		CEA706C41C80EF4900204138 /* x264_config.h */ = {isa = PBXFileReference; fileEncoding = 4; lastKnownFileType = sourcecode.c.h; path = x264_config.h; sourceTree = "<group>"; };
		CEA706C61C80EF4900204138 /* libx264.a */ = {isa = PBXFileReference; lastKnownFileType = archive.ar; path = libx264.a; sourceTree = "<group>"; };
		CEA706D21C80F3D700204138 /* ResidentHomeViewController.swift */ = {isa = PBXFileReference; fileEncoding = 4; lastKnownFileType = sourcecode.swift; path = ResidentHomeViewController.swift; sourceTree = "<group>"; };
		CEA706D41C80F4E500204138 /* Constants.swift */ = {isa = PBXFileReference; fileEncoding = 4; lastKnownFileType = sourcecode.swift; path = Constants.swift; sourceTree = "<group>"; };
		CEA706D71C81029A00204138 /* NewCaseTableViewController.swift */ = {isa = PBXFileReference; fileEncoding = 4; lastKnownFileType = sourcecode.swift; path = NewCaseTableViewController.swift; sourceTree = "<group>"; };
		CEA706DA1C8109EC00204138 /* Case.swift */ = {isa = PBXFileReference; fileEncoding = 4; lastKnownFileType = sourcecode.swift; path = Case.swift; sourceTree = "<group>"; };
		CEA706DC1C81124C00204138 /* AllowedUsers.swift */ = {isa = PBXFileReference; fileEncoding = 4; lastKnownFileType = sourcecode.swift; path = AllowedUsers.swift; sourceTree = "<group>"; };
		CEA706DE1C81135000204138 /* Institution.swift */ = {isa = PBXFileReference; fileEncoding = 4; lastKnownFileType = sourcecode.swift; path = Institution.swift; sourceTree = "<group>"; };
		CEA706E01C8116E900204138 /* ProcedureDetails.swift */ = {isa = PBXFileReference; fileEncoding = 4; lastKnownFileType = sourcecode.swift; path = ProcedureDetails.swift; sourceTree = "<group>"; };
		CEA706E21C81173B00204138 /* ProcedureCategory.swift */ = {isa = PBXFileReference; fileEncoding = 4; lastKnownFileType = sourcecode.swift; path = ProcedureCategory.swift; sourceTree = "<group>"; };
		CEA706E41C81181D00204138 /* Specialty.swift */ = {isa = PBXFileReference; fileEncoding = 4; lastKnownFileType = sourcecode.swift; path = Specialty.swift; sourceTree = "<group>"; };
		CEA706E61C81199B00204138 /* ZwischStage.swift */ = {isa = PBXFileReference; fileEncoding = 4; lastKnownFileType = sourcecode.swift; path = ZwischStage.swift; sourceTree = "<group>"; };
		CEA706E81C81215000204138 /* CaseDateViewController.swift */ = {isa = PBXFileReference; fileEncoding = 4; lastKnownFileType = sourcecode.swift; path = CaseDateViewController.swift; sourceTree = "<group>"; };
		CEC131FF1C81F2D700A20D37 /* AttendingTableViewController.swift */ = {isa = PBXFileReference; fileEncoding = 4; lastKnownFileType = sourcecode.swift; path = AttendingTableViewController.swift; sourceTree = "<group>"; };
		CEC132021C81F39F00A20D37 /* PhysicianFetcher.swift */ = {isa = PBXFileReference; fileEncoding = 4; lastKnownFileType = sourcecode.swift; path = PhysicianFetcher.swift; sourceTree = "<group>"; };
		CEC132051C8205DA00A20D37 /* EZLoadingActivity.swift */ = {isa = PBXFileReference; fileEncoding = 4; lastKnownFileType = sourcecode.swift; path = EZLoadingActivity.swift; sourceTree = "<group>"; };
		CEC132071C82070300A20D37 /* Functions.swift */ = {isa = PBXFileReference; fileEncoding = 4; lastKnownFileType = sourcecode.swift; path = Functions.swift; sourceTree = "<group>"; };
		CEC132091C8229CD00A20D37 /* SpecialtyTableViewController.swift */ = {isa = PBXFileReference; fileEncoding = 4; lastKnownFileType = sourcecode.swift; path = SpecialtyTableViewController.swift; sourceTree = "<group>"; };
		CEC1320B1C822B1000A20D37 /* SpecialtyFetcher.swift */ = {isa = PBXFileReference; fileEncoding = 4; lastKnownFileType = sourcecode.swift; path = SpecialtyFetcher.swift; sourceTree = "<group>"; };
		CEC1320D1C82360B00A20D37 /* ProcedureCategoryTableViewController.swift */ = {isa = PBXFileReference; fileEncoding = 4; lastKnownFileType = sourcecode.swift; path = ProcedureCategoryTableViewController.swift; sourceTree = "<group>"; };
		CEC1320F1C823BD400A20D37 /* ProcedureDetailsTableViewController.swift */ = {isa = PBXFileReference; fileEncoding = 4; lastKnownFileType = sourcecode.swift; path = ProcedureDetailsTableViewController.swift; sourceTree = "<group>"; };
		CEC132131C827CD900A20D37 /* RedoViewController.swift */ = {isa = PBXFileReference; fileEncoding = 4; lastKnownFileType = sourcecode.swift; path = RedoViewController.swift; sourceTree = "<group>"; };
		CEC132151C8282D700A20D37 /* style.css */ = {isa = PBXFileReference; fileEncoding = 4; lastKnownFileType = text.css; path = style.css; sourceTree = "<group>"; };
		CEC132171C82835500A20D37 /* ZwischTableViewController.swift */ = {isa = PBXFileReference; fileEncoding = 4; lastKnownFileType = sourcecode.swift; path = ZwischTableViewController.swift; sourceTree = "<group>"; };
		CEC132191C82848D00A20D37 /* ZwischFetcher.swift */ = {isa = PBXFileReference; fileEncoding = 4; lastKnownFileType = sourcecode.swift; path = ZwischFetcher.swift; sourceTree = "<group>"; };
		CEC1321B1C82898300A20D37 /* ZwischInfoViewController.swift */ = {isa = PBXFileReference; fileEncoding = 4; lastKnownFileType = sourcecode.swift; path = ZwischInfoViewController.swift; sourceTree = "<group>"; };
		CEC1321D1C82919300A20D37 /* DifficultyViewController.swift */ = {isa = PBXFileReference; fileEncoding = 4; lastKnownFileType = sourcecode.swift; path = DifficultyViewController.swift; sourceTree = "<group>"; };
		CEC1321F1C829AE800A20D37 /* ResidentSubmitViewController.swift */ = {isa = PBXFileReference; fileEncoding = 4; lastKnownFileType = sourcecode.swift; path = ResidentSubmitViewController.swift; sourceTree = "<group>"; };
		CEC132211C82A01500A20D37 /* CaseSubmitter.swift */ = {isa = PBXFileReference; fileEncoding = 4; lastKnownFileType = sourcecode.swift; path = CaseSubmitter.swift; sourceTree = "<group>"; };
		CEEA95D41C83392900EB81CF /* SJNotificationViewController.h */ = {isa = PBXFileReference; fileEncoding = 4; lastKnownFileType = sourcecode.c.h; path = SJNotificationViewController.h; sourceTree = "<group>"; };
		CEEA95D51C83392900EB81CF /* SJNotificationViewController.m */ = {isa = PBXFileReference; fileEncoding = 4; lastKnownFileType = sourcecode.c.objc; path = SJNotificationViewController.m; sourceTree = "<group>"; };
		CEEA95D61C83392900EB81CF /* SJNotificationViewController.xib */ = {isa = PBXFileReference; fileEncoding = 4; lastKnownFileType = file.xib; path = SJNotificationViewController.xib; sourceTree = "<group>"; };
		CEEA95DB1C83512C00EB81CF /* PendingCasesTableViewController.swift */ = {isa = PBXFileReference; fileEncoding = 4; lastKnownFileType = sourcecode.swift; path = PendingCasesTableViewController.swift; sourceTree = "<group>"; };
		CEEA95DD1C8354DF00EB81CF /* PendingCasesFetcher.swift */ = {isa = PBXFileReference; fileEncoding = 4; lastKnownFileType = sourcecode.swift; path = PendingCasesFetcher.swift; sourceTree = "<group>"; };
		CEEA95DF1C835EAA00EB81CF /* Read Me */ = {isa = PBXFileReference; fileEncoding = 4; lastKnownFileType = text; path = "Read Me"; sourceTree = "<group>"; };
		CEEA95E11C8360F400EB81CF /* PendingCaseDetailViewController.swift */ = {isa = PBXFileReference; fileEncoding = 4; lastKnownFileType = sourcecode.swift; path = PendingCaseDetailViewController.swift; sourceTree = "<group>"; };
		CEEA95E41C83697300EB81CF /* CompletedCasesTableViewController.swift */ = {isa = PBXFileReference; fileEncoding = 4; lastKnownFileType = sourcecode.swift; path = CompletedCasesTableViewController.swift; sourceTree = "<group>"; };
		CEEA95E61C836D1B00EB81CF /* CompletedCasesFetcher.swift */ = {isa = PBXFileReference; fileEncoding = 4; lastKnownFileType = sourcecode.swift; path = CompletedCasesFetcher.swift; sourceTree = "<group>"; };
		CEEA95E81C83778800EB81CF /* CompletedCaseDetailViewController.swift */ = {isa = PBXFileReference; fileEncoding = 4; lastKnownFileType = sourcecode.swift; path = CompletedCaseDetailViewController.swift; sourceTree = "<group>"; };
		CEEA95EA1C837CE800EB81CF /* CaseUpdater.swift */ = {isa = PBXFileReference; fileEncoding = 4; lastKnownFileType = sourcecode.swift; path = CaseUpdater.swift; sourceTree = "<group>"; };
		CEEA95ED1C839D2E00EB81CF /* AttendingHomeTableViewController.swift */ = {isa = PBXFileReference; fileEncoding = 4; lastKnownFileType = sourcecode.swift; path = AttendingHomeTableViewController.swift; sourceTree = "<group>"; };
		CEEA95EF1C83A32100EB81CF /* AttendingHomeCasesFetcher.swift */ = {isa = PBXFileReference; fileEncoding = 4; lastKnownFileType = sourcecode.swift; path = AttendingHomeCasesFetcher.swift; sourceTree = "<group>"; };
		CEEA95F11C83AA1300EB81CF /* AttendingCaseDetailViewController.swift */ = {isa = PBXFileReference; fileEncoding = 4; lastKnownFileType = sourcecode.swift; path = AttendingCaseDetailViewController.swift; sourceTree = "<group>"; };
		CEEA95F91C851E6C00EB81CF /* AttendingZwischInfoViewController.swift */ = {isa = PBXFileReference; fileEncoding = 4; lastKnownFileType = sourcecode.swift; path = AttendingZwischInfoViewController.swift; sourceTree = "<group>"; };
		CEEA95FB1C876AC600EB81CF /* AttendingCaseUpdater.swift */ = {isa = PBXFileReference; fileEncoding = 4; lastKnownFileType = sourcecode.swift; path = AttendingCaseUpdater.swift; sourceTree = "<group>"; };
/* End PBXFileReference section */

/* Begin PBXFrameworksBuildPhase section */
		CEA705DC1C80EDD600204138 /* Frameworks */ = {
			isa = PBXFrameworksBuildPhase;
			buildActionMask = 2147483647;
			files = (
				CEA706CD1C80EF4900204138 /* libavutil.a in Frameworks */,
				CEA706CB1C80EF4900204138 /* libavfilter.a in Frameworks */,
				CEA706CE1C80EF4900204138 /* libswscale.a in Frameworks */,
				CEA706CA1C80EF4900204138 /* libavdevice.a in Frameworks */,
				CEA706D01C80EF4900204138 /* libspeex.a in Frameworks */,
				CEA705F91C80EF1700204138 /* libz.tbd in Frameworks */,
				CEA705F71C80EF0C00204138 /* libsqlite3.tbd in Frameworks */,
				CEA706D11C80EF4900204138 /* libx264.a in Frameworks */,
				CEA706CF1C80EF4900204138 /* MediaLibiOS.a in Frameworks */,
				CEA705F51C80EF0200204138 /* SystemConfiguration.framework in Frameworks */,
				CEA706C71C80EF4900204138 /* backendless.a in Frameworks */,
				CEA706CC1C80EF4900204138 /* libavformat.a in Frameworks */,
				CEA706C81C80EF4900204138 /* CommLibiOS.a in Frameworks */,
				CEA706C91C80EF4900204138 /* libavcodec.a in Frameworks */,
			);
			runOnlyForDeploymentPostprocessing = 0;
		};
/* End PBXFrameworksBuildPhase section */

/* Begin PBXGroup section */
		CEA705D61C80EDD600204138 = {
			isa = PBXGroup;
			children = (
				CEEA95DF1C835EAA00EB81CF /* Read Me */,
				CEEA95D41C83392900EB81CF /* SJNotificationViewController.h */,
				CEEA95D51C83392900EB81CF /* SJNotificationViewController.m */,
				CEEA95D61C83392900EB81CF /* SJNotificationViewController.xib */,
				CEA705FA1C80EF4800204138 /* lib */,
				CEA705F81C80EF1700204138 /* libz.tbd */,
				CEA705F61C80EF0C00204138 /* libsqlite3.tbd */,
				CEA705F41C80EF0200204138 /* SystemConfiguration.framework */,
				CEA705E11C80EDD600204138 /* ZwischMe3 */,
				CEA705E01C80EDD600204138 /* Products */,
			);
			sourceTree = "<group>";
		};
		CEA705E01C80EDD600204138 /* Products */ = {
			isa = PBXGroup;
			children = (
				CEA705DF1C80EDD600204138 /* ZwischMe3.app */,
			);
			name = Products;
			sourceTree = "<group>";
		};
		CEA705E11C80EDD600204138 /* ZwischMe3 */ = {
			isa = PBXGroup;
			children = (
				CEC132041C8205CD00A20D37 /* Utilities */,
				CEC132011C81F37100A20D37 /* DataConnection */,
				CEA706D91C8109DB00204138 /* Data */,
				CEEA95EC1C839CFE00EB81CF /* Attending */,
				CEA706D61C80F55800204138 /* Resident */,
				CEA705E21C80EDD600204138 /* AppDelegate.swift */,
				CEA705E61C80EDD600204138 /* Main.storyboard */,
				CEA705E91C80EDD600204138 /* Assets.xcassets */,
				CEA705EB1C80EDD600204138 /* LaunchScreen.storyboard */,
				CEA705EE1C80EDD600204138 /* Info.plist */,
			);
			path = ZwischMe3;
			sourceTree = "<group>";
		};
		CEA705FA1C80EF4800204138 /* lib */ = {
			isa = PBXGroup;
			children = (
				CEA705FB1C80EF4800204138 /* backendless */,
				CEA7063F1C80EF4800204138 /* CommLibiOS */,
				CEA706551C80EF4800204138 /* libav-11.4 */,
				CEA706AD1C80EF4900204138 /* MediaLibiOS3x */,
				CEA706B61C80EF4900204138 /* speex-1.2rc2 */,
				CEA706C11C80EF4900204138 /* x264 */,
			);
			path = lib;
			sourceTree = "<group>";
		};
		CEA705FB1C80EF4800204138 /* backendless */ = {
			isa = PBXGroup;
			children = (
				CEA705FC1C80EF4800204138 /* backendless.a */,
				CEA705FD1C80EF4800204138 /* include */,
			);
			path = backendless;
			sourceTree = "<group>";
		};
		CEA705FD1C80EF4800204138 /* include */ = {
			isa = PBXGroup;
			children = (
				CEA705FE1C80EF4800204138 /* AbstractProperty.h */,
				CEA705FF1C80EF4800204138 /* AbstractQuery.h */,
				CEA706001C80EF4800204138 /* AtomicCounters.h */,
				CEA706011C80EF4800204138 /* AtomicCountersFactory.h */,
				CEA706021C80EF4800204138 /* Backendless-Bridging-Header.h */,
				CEA706031C80EF4800204138 /* Backendless-With-Media-Bridging-Header.h */,
				CEA706041C80EF4800204138 /* Backendless.h */,
				CEA706051C80EF4800204138 /* BackendlessBeacon.h */,
				CEA706061C80EF4800204138 /* BackendlessCachePolicy.h */,
				CEA706071C80EF4800204138 /* BackendlessCacheProtocol.h */,
				CEA706081C80EF4800204138 /* BackendlessCollection.h */,
				CEA706091C80EF4800204138 /* BackendlessDataQuery.h */,
				CEA7060A1C80EF4800204138 /* BackendlessEntity.h */,
				CEA7060B1C80EF4800204138 /* BackendlessFile.h */,
				CEA7060C1C80EF4800204138 /* BackendlessGeoQuery.h */,
				CEA7060D1C80EF4800204138 /* BackendlessSimpleQuery.h */,
				CEA7060E1C80EF4800204138 /* BackendlessUser.h */,
				CEA7060F1C80EF4800204138 /* BEAnnotation.h */,
				CEA706101C80EF4800204138 /* BECollectionView.h */,
				CEA706111C80EF4800204138 /* BEFileInfo.h */,
				CEA706121C80EF4800204138 /* BEMapView.h */,
				CEA706131C80EF4800204138 /* BESubscription.h */,
				CEA706141C80EF4800204138 /* BETableView.h */,
				CEA706151C80EF4800204138 /* CacheFactory.h */,
				CEA706161C80EF4800204138 /* CacheService.h */,
				CEA706171C80EF4800204138 /* CustomService.h */,
				CEA706181C80EF4800204138 /* DataPermission.h */,
				CEA706191C80EF4800204138 /* DataStoreFactory.h */,
				CEA7061A1C80EF4800204138 /* DeliveryOptions.h */,
				CEA7061B1C80EF4800204138 /* DeviceRegistration.h */,
				CEA7061C1C80EF4800204138 /* Events.h */,
				CEA7061D1C80EF4800204138 /* FilePermission.h */,
				CEA7061E1C80EF4800204138 /* FileService.h */,
				CEA7061F1C80EF4800204138 /* GeoCategory.h */,
				CEA706201C80EF4800204138 /* GeoCluster.h */,
				CEA706211C80EF4800204138 /* GeoFence.h */,
				CEA706221C80EF4800204138 /* GeoPoint.h */,
				CEA706231C80EF4800204138 /* GeoService.h */,
				CEA706241C80EF4800204138 /* HashMap.h */,
				CEA706251C80EF4800204138 /* IAtomicCounters.h */,
				CEA706261C80EF4800204138 /* ICacheService.h */,
				CEA706271C80EF4800204138 /* ICallback.h */,
				CEA706281C80EF4800204138 /* IDataStore.h */,
				CEA706291C80EF4800204138 /* IMediaStreamer.h */,
				CEA7062A1C80EF4800204138 /* IPresenceListener.h */,
				CEA7062B1C80EF4800204138 /* LocationTracker.h */,
				CEA7062C1C80EF4800204138 /* Logger.h */,
				CEA7062D1C80EF4800204138 /* Logging.h */,
				CEA7062E1C80EF4800204138 /* MediaPlaybackOptions.h */,
				CEA7062F1C80EF4800204138 /* MediaPlayer.h */,
				CEA706301C80EF4800204138 /* MediaPublisher.h */,
				CEA706311C80EF4800204138 /* MediaPublishOptions.h */,
				CEA706321C80EF4800204138 /* MediaService.h */,
				CEA706331C80EF4800204138 /* Message.h */,
				CEA706341C80EF4800204138 /* MessageStatus.h */,
				CEA706351C80EF4800204138 /* MessagingService.h */,
				CEA706361C80EF4800204138 /* ObjectProperty.h */,
				CEA706371C80EF4800204138 /* PersistenceService.h */,
				CEA706381C80EF4800204138 /* Presence.h */,
				CEA706391C80EF4800204138 /* ProtectedBackendlessGeoQuery.h */,
				CEA7063A1C80EF4800204138 /* PublishOptions.h */,
				CEA7063B1C80EF4800204138 /* QueryOptions.h */,
				CEA7063C1C80EF4800204138 /* SubscriptionOptions.h */,
				CEA7063D1C80EF4800204138 /* UserProperty.h */,
				CEA7063E1C80EF4800204138 /* UserService.h */,
			);
			path = include;
			sourceTree = "<group>";
		};
		CEA7063F1C80EF4800204138 /* CommLibiOS */ = {
			isa = PBXGroup;
			children = (
				CEA706401C80EF4800204138 /* CommLibiOS.a */,
				CEA706411C80EF4800204138 /* include */,
			);
			path = CommLibiOS;
			sourceTree = "<group>";
		};
		CEA706411C80EF4800204138 /* include */ = {
			isa = PBXGroup;
			children = (
				CEA706421C80EF4800204138 /* AMFSerializer.h */,
				CEA706431C80EF4800204138 /* BinaryCodec.h */,
				CEA706441C80EF4800204138 /* BinaryStream.h */,
				CEA706451C80EF4800204138 /* DEBUG.h */,
				CEA706461C80EF4800204138 /* FlashorbBinaryReader.h */,
				CEA706471C80EF4800204138 /* FlashorbBinaryWriter.h */,
				CEA706481C80EF4800204138 /* IAttributeStore.h */,
				CEA706491C80EF4800204138 /* IClientSharedObject.h */,
				CEA7064A1C80EF4800204138 /* IClientSharedObjectDelegate.h */,
				CEA7064B1C80EF4800204138 /* IPendingServiceCallback.h */,
				CEA7064C1C80EF4800204138 /* IPersistable.h */,
				CEA7064D1C80EF4800204138 /* IRTMProtocol.h */,
				CEA7064E1C80EF4800204138 /* IServiceCall.h */,
				CEA7064F1C80EF4800204138 /* ISharedObjectListener.h */,
				CEA706501C80EF4800204138 /* MemoryTicker.h */,
				CEA706511C80EF4800204138 /* Responder.h */,
				CEA706521C80EF4800204138 /* RTMPClient.h */,
				CEA706531C80EF4800204138 /* Types.h */,
				CEA706541C80EF4800204138 /* WeborbClient.h */,
			);
			path = include;
			sourceTree = "<group>";
		};
		CEA706551C80EF4800204138 /* libav-11.4 */ = {
			isa = PBXGroup;
			children = (
				CEA706561C80EF4800204138 /* include */,
				CEA706A61C80EF4900204138 /* lib */,
			);
			path = "libav-11.4";
			sourceTree = "<group>";
		};
		CEA706561C80EF4800204138 /* include */ = {
			isa = PBXGroup;
			children = (
				CEA706571C80EF4800204138 /* libavcodec */,
				CEA706611C80EF4800204138 /* libavdevice */,
				CEA706641C80EF4800204138 /* libavfilter */,
				CEA7066A1C80EF4800204138 /* libavformat */,
				CEA7066E1C80EF4800204138 /* libavresample */,
				CEA706711C80EF4800204138 /* libavutil */,
				CEA706A31C80EF4900204138 /* libswscale */,
			);
			path = include;
			sourceTree = "<group>";
		};
		CEA706571C80EF4800204138 /* libavcodec */ = {
			isa = PBXGroup;
			children = (
				CEA706581C80EF4800204138 /* avcodec.h */,
				CEA706591C80EF4800204138 /* avfft.h */,
				CEA7065A1C80EF4800204138 /* dv_profile.h */,
				CEA7065B1C80EF4800204138 /* dxva2.h */,
				CEA7065C1C80EF4800204138 /* vaapi.h */,
				CEA7065D1C80EF4800204138 /* vda.h */,
				CEA7065E1C80EF4800204138 /* vdpau.h */,
				CEA7065F1C80EF4800204138 /* version.h */,
				CEA706601C80EF4800204138 /* xvmc.h */,
			);
			path = libavcodec;
			sourceTree = "<group>";
		};
		CEA706611C80EF4800204138 /* libavdevice */ = {
			isa = PBXGroup;
			children = (
				CEA706621C80EF4800204138 /* avdevice.h */,
				CEA706631C80EF4800204138 /* version.h */,
			);
			path = libavdevice;
			sourceTree = "<group>";
		};
		CEA706641C80EF4800204138 /* libavfilter */ = {
			isa = PBXGroup;
			children = (
				CEA706651C80EF4800204138 /* avfilter.h */,
				CEA706661C80EF4800204138 /* avfiltergraph.h */,
				CEA706671C80EF4800204138 /* buffersink.h */,
				CEA706681C80EF4800204138 /* buffersrc.h */,
				CEA706691C80EF4800204138 /* version.h */,
			);
			path = libavfilter;
			sourceTree = "<group>";
		};
		CEA7066A1C80EF4800204138 /* libavformat */ = {
			isa = PBXGroup;
			children = (
				CEA7066B1C80EF4800204138 /* avformat.h */,
				CEA7066C1C80EF4800204138 /* avio.h */,
				CEA7066D1C80EF4800204138 /* version.h */,
			);
			path = libavformat;
			sourceTree = "<group>";
		};
		CEA7066E1C80EF4800204138 /* libavresample */ = {
			isa = PBXGroup;
			children = (
				CEA7066F1C80EF4800204138 /* avresample.h */,
				CEA706701C80EF4800204138 /* version.h */,
			);
			path = libavresample;
			sourceTree = "<group>";
		};
		CEA706711C80EF4800204138 /* libavutil */ = {
			isa = PBXGroup;
			children = (
				CEA706721C80EF4800204138 /* adler32.h */,
				CEA706731C80EF4800204138 /* aes.h */,
				CEA706741C80EF4800204138 /* attributes.h */,
				CEA706751C80EF4800204138 /* audio_fifo.h */,
				CEA706761C80EF4800204138 /* audioconvert.h */,
				CEA706771C80EF4800204138 /* avassert.h */,
				CEA706781C80EF4800204138 /* avconfig.h */,
				CEA706791C80EF4800204138 /* avstring.h */,
				CEA7067A1C80EF4800204138 /* avutil.h */,
				CEA7067B1C80EF4800204138 /* base64.h */,
				CEA7067C1C80EF4800204138 /* blowfish.h */,
				CEA7067D1C80EF4800204138 /* bswap.h */,
				CEA7067E1C80EF4800204138 /* buffer.h */,
				CEA7067F1C80EF4800204138 /* channel_layout.h */,
				CEA706801C80EF4800204138 /* common.h */,
				CEA706811C80EF4800204138 /* cpu.h */,
				CEA706821C80EF4800204138 /* crc.h */,
				CEA706831C80EF4800204138 /* dict.h */,
				CEA706841C80EF4800204138 /* display.h */,
				CEA706851C80EF4800204138 /* downmix_info.h */,
				CEA706861C80EF4800204138 /* error.h */,
				CEA706871C80EF4800204138 /* eval.h */,
				CEA706881C80EF4800204138 /* fifo.h */,
				CEA706891C80EF4800204138 /* file.h */,
				CEA7068A1C80EF4800204138 /* frame.h */,
				CEA7068B1C80EF4800204138 /* hmac.h */,
				CEA7068C1C80EF4800204138 /* imgutils.h */,
				CEA7068D1C80EF4800204138 /* intfloat.h */,
				CEA7068E1C80EF4800204138 /* intreadwrite.h */,
				CEA7068F1C80EF4800204138 /* lfg.h */,
				CEA706901C80EF4800204138 /* log.h */,
				CEA706911C80EF4800204138 /* macros.h */,
				CEA706921C80EF4800204138 /* mathematics.h */,
				CEA706931C80EF4800204138 /* md5.h */,
				CEA706941C80EF4900204138 /* mem.h */,
				CEA706951C80EF4900204138 /* old_pix_fmts.h */,
				CEA706961C80EF4900204138 /* opt.h */,
				CEA706971C80EF4900204138 /* parseutils.h */,
				CEA706981C80EF4900204138 /* pixdesc.h */,
				CEA706991C80EF4900204138 /* pixfmt.h */,
				CEA7069A1C80EF4900204138 /* random_seed.h */,
				CEA7069B1C80EF4900204138 /* rational.h */,
				CEA7069C1C80EF4900204138 /* replaygain.h */,
				CEA7069D1C80EF4900204138 /* samplefmt.h */,
				CEA7069E1C80EF4900204138 /* sha.h */,
				CEA7069F1C80EF4900204138 /* stereo3d.h */,
				CEA706A01C80EF4900204138 /* time.h */,
				CEA706A11C80EF4900204138 /* version.h */,
				CEA706A21C80EF4900204138 /* xtea.h */,
			);
			path = libavutil;
			sourceTree = "<group>";
		};
		CEA706A31C80EF4900204138 /* libswscale */ = {
			isa = PBXGroup;
			children = (
				CEA706A41C80EF4900204138 /* swscale.h */,
				CEA706A51C80EF4900204138 /* version.h */,
			);
			path = libswscale;
			sourceTree = "<group>";
		};
		CEA706A61C80EF4900204138 /* lib */ = {
			isa = PBXGroup;
			children = (
				CEA706A71C80EF4900204138 /* libavcodec.a */,
				CEA706A81C80EF4900204138 /* libavdevice.a */,
				CEA706A91C80EF4900204138 /* libavfilter.a */,
				CEA706AA1C80EF4900204138 /* libavformat.a */,
				CEA706AB1C80EF4900204138 /* libavutil.a */,
				CEA706AC1C80EF4900204138 /* libswscale.a */,
			);
			path = lib;
			sourceTree = "<group>";
		};
		CEA706AD1C80EF4900204138 /* MediaLibiOS3x */ = {
			isa = PBXGroup;
			children = (
				CEA706AE1C80EF4900204138 /* include */,
				CEA706B51C80EF4900204138 /* MediaLibiOS.a */,
			);
			path = MediaLibiOS3x;
			sourceTree = "<group>";
		};
		CEA706AE1C80EF4900204138 /* include */ = {
			isa = PBXGroup;
			children = (
				CEA706AF1C80EF4900204138 /* BroadcastStreamClient.h */,
				CEA706B01C80EF4900204138 /* MediaStreamPlayer.h */,
				CEA706B11C80EF4900204138 /* MPMediaData.h */,
				CEA706B21C80EF4900204138 /* MPMediaDecoder.h */,
				CEA706B31C80EF4900204138 /* MPMediaEncoder.h */,
				CEA706B41C80EF4900204138 /* VideoPlayer.h */,
			);
			path = include;
			sourceTree = "<group>";
		};
		CEA706B61C80EF4900204138 /* speex-1.2rc2 */ = {
			isa = PBXGroup;
			children = (
				CEA706B71C80EF4900204138 /* include */,
				CEA706BF1C80EF4900204138 /* lib */,
			);
			path = "speex-1.2rc2";
			sourceTree = "<group>";
		};
		CEA706B71C80EF4900204138 /* include */ = {
			isa = PBXGroup;
			children = (
				CEA706B81C80EF4900204138 /* speex.h */,
				CEA706B91C80EF4900204138 /* speex_bits.h */,
				CEA706BA1C80EF4900204138 /* speex_callbacks.h */,
				CEA706BB1C80EF4900204138 /* speex_config_types.h */,
				CEA706BC1C80EF4900204138 /* speex_header.h */,
				CEA706BD1C80EF4900204138 /* speex_stereo.h */,
				CEA706BE1C80EF4900204138 /* speex_types.h */,
			);
			path = include;
			sourceTree = "<group>";
		};
		CEA706BF1C80EF4900204138 /* lib */ = {
			isa = PBXGroup;
			children = (
				CEA706C01C80EF4900204138 /* libspeex.a */,
			);
			path = lib;
			sourceTree = "<group>";
		};
		CEA706C11C80EF4900204138 /* x264 */ = {
			isa = PBXGroup;
			children = (
				CEA706C21C80EF4900204138 /* include */,
				CEA706C51C80EF4900204138 /* lib */,
			);
			path = x264;
			sourceTree = "<group>";
		};
		CEA706C21C80EF4900204138 /* include */ = {
			isa = PBXGroup;
			children = (
				CEA706C31C80EF4900204138 /* x264.h */,
				CEA706C41C80EF4900204138 /* x264_config.h */,
			);
			path = include;
			sourceTree = "<group>";
		};
		CEA706C51C80EF4900204138 /* lib */ = {
			isa = PBXGroup;
			children = (
				CEA706C61C80EF4900204138 /* libx264.a */,
			);
			path = lib;
			sourceTree = "<group>";
		};
		CEA706D61C80F55800204138 /* Resident */ = {
			isa = PBXGroup;
			children = (
				CEA706D21C80F3D700204138 /* ResidentHomeViewController.swift */,
				CEEA95E31C83695000EB81CF /* Completed Cases */,
				CEEA95DA1C83510500EB81CF /* Pending Cases */,
				CEEA95D91C8350F300EB81CF /* New Case */,
			);
			name = Resident;
			sourceTree = "<group>";
		};
		CEA706D91C8109DB00204138 /* Data */ = {
			isa = PBXGroup;
			children = (
				CEA706DA1C8109EC00204138 /* Case.swift */,
				CEA706DC1C81124C00204138 /* AllowedUsers.swift */,
				CEA706DE1C81135000204138 /* Institution.swift */,
				CEA706E01C8116E900204138 /* ProcedureDetails.swift */,
				CEA706E21C81173B00204138 /* ProcedureCategory.swift */,
				CEA706E41C81181D00204138 /* Specialty.swift */,
				CEA706E61C81199B00204138 /* ZwischStage.swift */,
			);
			name = Data;
			sourceTree = "<group>";
		};
		CEC132011C81F37100A20D37 /* DataConnection */ = {
			isa = PBXGroup;
			children = (
				CEC132021C81F39F00A20D37 /* PhysicianFetcher.swift */,
				CEC1320B1C822B1000A20D37 /* SpecialtyFetcher.swift */,
				CEC132191C82848D00A20D37 /* ZwischFetcher.swift */,
				CEEA95DD1C8354DF00EB81CF /* PendingCasesFetcher.swift */,
				CEC132211C82A01500A20D37 /* CaseSubmitter.swift */,
				CEEA95E61C836D1B00EB81CF /* CompletedCasesFetcher.swift */,
				CEEA95EA1C837CE800EB81CF /* CaseUpdater.swift */,
				CEEA95EF1C83A32100EB81CF /* AttendingHomeCasesFetcher.swift */,
				CEEA95FB1C876AC600EB81CF /* AttendingCaseUpdater.swift */,
			);
			name = DataConnection;
			sourceTree = "<group>";
		};
		CEC132041C8205CD00A20D37 /* Utilities */ = {
			isa = PBXGroup;
			children = (
				CEC132151C8282D700A20D37 /* style.css */,
				CEA706D41C80F4E500204138 /* Constants.swift */,
				CEC132051C8205DA00A20D37 /* EZLoadingActivity.swift */,
				CEC132071C82070300A20D37 /* Functions.swift */,
			);
			name = Utilities;
			sourceTree = "<group>";
		};
		CEEA95D91C8350F300EB81CF /* New Case */ = {
			isa = PBXGroup;
			children = (
				CEA706D71C81029A00204138 /* NewCaseTableViewController.swift */,
				CEA706E81C81215000204138 /* CaseDateViewController.swift */,
				CEC131FF1C81F2D700A20D37 /* AttendingTableViewController.swift */,
				CEC132091C8229CD00A20D37 /* SpecialtyTableViewController.swift */,
				CEC1320D1C82360B00A20D37 /* ProcedureCategoryTableViewController.swift */,
				CEC1320F1C823BD400A20D37 /* ProcedureDetailsTableViewController.swift */,
				CEC132131C827CD900A20D37 /* RedoViewController.swift */,
				CEC132171C82835500A20D37 /* ZwischTableViewController.swift */,
				CEC1321B1C82898300A20D37 /* ZwischInfoViewController.swift */,
				CEC1321D1C82919300A20D37 /* DifficultyViewController.swift */,
				CEC1321F1C829AE800A20D37 /* ResidentSubmitViewController.swift */,
			);
			name = "New Case";
			sourceTree = "<group>";
		};
		CEEA95DA1C83510500EB81CF /* Pending Cases */ = {
			isa = PBXGroup;
			children = (
				CEEA95DB1C83512C00EB81CF /* PendingCasesTableViewController.swift */,
				CEEA95E11C8360F400EB81CF /* PendingCaseDetailViewController.swift */,
			);
			name = "Pending Cases";
			sourceTree = "<group>";
		};
		CEEA95E31C83695000EB81CF /* Completed Cases */ = {
			isa = PBXGroup;
			children = (
				CEEA95E41C83697300EB81CF /* CompletedCasesTableViewController.swift */,
				CEEA95E81C83778800EB81CF /* CompletedCaseDetailViewController.swift */,
			);
			name = "Completed Cases";
			sourceTree = "<group>";
		};
		CEEA95EC1C839CFE00EB81CF /* Attending */ = {
			isa = PBXGroup;
			children = (
				CEEA95ED1C839D2E00EB81CF /* AttendingHomeTableViewController.swift */,
				CEEA95F11C83AA1300EB81CF /* AttendingCaseDetailViewController.swift */,
				CEEA95F91C851E6C00EB81CF /* AttendingZwischInfoViewController.swift */,
			);
			name = Attending;
			sourceTree = "<group>";
		};
/* End PBXGroup section */

/* Begin PBXNativeTarget section */
		CEA705DE1C80EDD600204138 /* ZwischMe3 */ = {
			isa = PBXNativeTarget;
			buildConfigurationList = CEA705F11C80EDD600204138 /* Build configuration list for PBXNativeTarget "ZwischMe3" */;
			buildPhases = (
				CEA705DB1C80EDD600204138 /* Sources */,
				CEA705DC1C80EDD600204138 /* Frameworks */,
				CEA705DD1C80EDD600204138 /* Resources */,
			);
			buildRules = (
			);
			dependencies = (
			);
			name = ZwischMe3;
			productName = ZwischMe3;
			productReference = CEA705DF1C80EDD600204138 /* ZwischMe3.app */;
			productType = "com.apple.product-type.application";
		};
/* End PBXNativeTarget section */

/* Begin PBXProject section */
		CEA705D71C80EDD600204138 /* Project object */ = {
			isa = PBXProject;
			attributes = {
				LastSwiftUpdateCheck = 0720;
				LastUpgradeCheck = 0720;
				ORGANIZATIONNAME = "Edward Bender";
				TargetAttributes = {
					CEA705DE1C80EDD600204138 = {
						CreatedOnToolsVersion = 7.2.1;
					};
				};
			};
			buildConfigurationList = CEA705DA1C80EDD600204138 /* Build configuration list for PBXProject "ZwischMe3" */;
			compatibilityVersion = "Xcode 3.2";
			developmentRegion = English;
			hasScannedForEncodings = 0;
			knownRegions = (
				en,
				Base,
			);
			mainGroup = CEA705D61C80EDD600204138;
			productRefGroup = CEA705E01C80EDD600204138 /* Products */;
			projectDirPath = "";
			projectRoot = "";
			targets = (
				CEA705DE1C80EDD600204138 /* ZwischMe3 */,
			);
		};
/* End PBXProject section */

/* Begin PBXResourcesBuildPhase section */
		CEA705DD1C80EDD600204138 /* Resources */ = {
			isa = PBXResourcesBuildPhase;
			buildActionMask = 2147483647;
			files = (
				CEEA95E01C835EAA00EB81CF /* Read Me in Resources */,
				CEA705ED1C80EDD600204138 /* LaunchScreen.storyboard in Resources */,
				CEEA95D81C83392900EB81CF /* SJNotificationViewController.xib in Resources */,
				CEC132161C8282D700A20D37 /* style.css in Resources */,
				CEA705EA1C80EDD600204138 /* Assets.xcassets in Resources */,
				CEA705E81C80EDD600204138 /* Main.storyboard in Resources */,
			);
			runOnlyForDeploymentPostprocessing = 0;
		};
/* End PBXResourcesBuildPhase section */

/* Begin PBXSourcesBuildPhase section */
		CEA705DB1C80EDD600204138 /* Sources */ = {
			isa = PBXSourcesBuildPhase;
			buildActionMask = 2147483647;
			files = (
				CEA706E11C8116E900204138 /* ProcedureDetails.swift in Sources */,
				CEC132181C82835500A20D37 /* ZwischTableViewController.swift in Sources */,
				CEC132001C81F2D700A20D37 /* AttendingTableViewController.swift in Sources */,
				CEC1320C1C822B1000A20D37 /* SpecialtyFetcher.swift in Sources */,
				CEEA95FC1C876AC600EB81CF /* AttendingCaseUpdater.swift in Sources */,
				CEEA95DC1C83512C00EB81CF /* PendingCasesTableViewController.swift in Sources */,
				CEEA95E71C836D1B00EB81CF /* CompletedCasesFetcher.swift in Sources */,
				CEA706E71C81199B00204138 /* ZwischStage.swift in Sources */,
				CEC1321A1C82848D00A20D37 /* ZwischFetcher.swift in Sources */,
				CEC132081C82070300A20D37 /* Functions.swift in Sources */,
				CEA706D81C81029A00204138 /* NewCaseTableViewController.swift in Sources */,
				CEC132201C829AE800A20D37 /* ResidentSubmitViewController.swift in Sources */,
				CEA706D31C80F3D700204138 /* ResidentHomeViewController.swift in Sources */,
				CEEA95F21C83AA1300EB81CF /* AttendingCaseDetailViewController.swift in Sources */,
				CEA706E91C81215000204138 /* CaseDateViewController.swift in Sources */,
				CEC132031C81F39F00A20D37 /* PhysicianFetcher.swift in Sources */,
				CEEA95E21C8360F400EB81CF /* PendingCaseDetailViewController.swift in Sources */,
				CEEA95EE1C839D2E00EB81CF /* AttendingHomeTableViewController.swift in Sources */,
				CEA706DB1C8109EC00204138 /* Case.swift in Sources */,
				CEC1321C1C82898300A20D37 /* ZwischInfoViewController.swift in Sources */,
				CEEA95DE1C8354DF00EB81CF /* PendingCasesFetcher.swift in Sources */,
				CEC132141C827CD900A20D37 /* RedoViewController.swift in Sources */,
				CEA706E31C81173B00204138 /* ProcedureCategory.swift in Sources */,
				CEA706DD1C81124C00204138 /* AllowedUsers.swift in Sources */,
				CEC1321E1C82919300A20D37 /* DifficultyViewController.swift in Sources */,
				CEEA95FA1C851E6C00EB81CF /* AttendingZwischInfoViewController.swift in Sources */,
				CEEA95E51C83697300EB81CF /* CompletedCasesTableViewController.swift in Sources */,
				CEA705E31C80EDD600204138 /* AppDelegate.swift in Sources */,
				CEA706D51C80F4E500204138 /* Constants.swift in Sources */,
				CEC132221C82A01500A20D37 /* CaseSubmitter.swift in Sources */,
				CEC132101C823BD400A20D37 /* ProcedureDetailsTableViewController.swift in Sources */,
				CEC132061C8205DA00A20D37 /* EZLoadingActivity.swift in Sources */,
				CEA706E51C81181D00204138 /* Specialty.swift in Sources */,
				CEEA95F01C83A32100EB81CF /* AttendingHomeCasesFetcher.swift in Sources */,
				CEEA95D71C83392900EB81CF /* SJNotificationViewController.m in Sources */,
				CEEA95EB1C837CE800EB81CF /* CaseUpdater.swift in Sources */,
				CEC1320E1C82360B00A20D37 /* ProcedureCategoryTableViewController.swift in Sources */,
				CEEA95E91C83778800EB81CF /* CompletedCaseDetailViewController.swift in Sources */,
				CEC1320A1C8229CD00A20D37 /* SpecialtyTableViewController.swift in Sources */,
				CEA706DF1C81135000204138 /* Institution.swift in Sources */,
			);
			runOnlyForDeploymentPostprocessing = 0;
		};
/* End PBXSourcesBuildPhase section */

/* Begin PBXVariantGroup section */
		CEA705E61C80EDD600204138 /* Main.storyboard */ = {
			isa = PBXVariantGroup;
			children = (
				CEA705E71C80EDD600204138 /* Base */,
			);
			name = Main.storyboard;
			sourceTree = "<group>";
		};
		CEA705EB1C80EDD600204138 /* LaunchScreen.storyboard */ = {
			isa = PBXVariantGroup;
			children = (
				CEA705EC1C80EDD600204138 /* Base */,
			);
			name = LaunchScreen.storyboard;
			sourceTree = "<group>";
		};
/* End PBXVariantGroup section */

/* Begin XCBuildConfiguration section */
		CEA705EF1C80EDD600204138 /* Debug */ = {
			isa = XCBuildConfiguration;
			buildSettings = {
				ALWAYS_SEARCH_USER_PATHS = NO;
				CLANG_CXX_LANGUAGE_STANDARD = "gnu++0x";
				CLANG_CXX_LIBRARY = "libc++";
				CLANG_ENABLE_MODULES = YES;
				CLANG_ENABLE_OBJC_ARC = YES;
				CLANG_WARN_BOOL_CONVERSION = YES;
				CLANG_WARN_CONSTANT_CONVERSION = YES;
				CLANG_WARN_DIRECT_OBJC_ISA_USAGE = YES_ERROR;
				CLANG_WARN_EMPTY_BODY = YES;
				CLANG_WARN_ENUM_CONVERSION = YES;
				CLANG_WARN_INT_CONVERSION = YES;
				CLANG_WARN_OBJC_ROOT_CLASS = YES_ERROR;
				CLANG_WARN_UNREACHABLE_CODE = YES;
				CLANG_WARN__DUPLICATE_METHOD_MATCH = YES;
				"CODE_SIGN_IDENTITY[sdk=iphoneos*]" = "iPhone Developer";
				COPY_PHASE_STRIP = NO;
				DEBUG_INFORMATION_FORMAT = dwarf;
				ENABLE_STRICT_OBJC_MSGSEND = YES;
				ENABLE_TESTABILITY = YES;
				GCC_C_LANGUAGE_STANDARD = gnu99;
				GCC_DYNAMIC_NO_PIC = NO;
				GCC_NO_COMMON_BLOCKS = YES;
				GCC_OPTIMIZATION_LEVEL = 0;
				GCC_PREPROCESSOR_DEFINITIONS = (
					"DEBUG=1",
					"$(inherited)",
				);
				GCC_WARN_64_TO_32_BIT_CONVERSION = YES;
				GCC_WARN_ABOUT_RETURN_TYPE = YES_ERROR;
				GCC_WARN_UNDECLARED_SELECTOR = YES;
				GCC_WARN_UNINITIALIZED_AUTOS = YES_AGGRESSIVE;
				GCC_WARN_UNUSED_FUNCTION = YES;
				GCC_WARN_UNUSED_VARIABLE = YES;
				IPHONEOS_DEPLOYMENT_TARGET = 9.2;
				MTL_ENABLE_DEBUG_INFO = YES;
				ONLY_ACTIVE_ARCH = YES;
				SDKROOT = iphoneos;
				SWIFT_OPTIMIZATION_LEVEL = "-Onone";
			};
			name = Debug;
		};
		CEA705F01C80EDD600204138 /* Release */ = {
			isa = XCBuildConfiguration;
			buildSettings = {
				ALWAYS_SEARCH_USER_PATHS = NO;
				CLANG_CXX_LANGUAGE_STANDARD = "gnu++0x";
				CLANG_CXX_LIBRARY = "libc++";
				CLANG_ENABLE_MODULES = YES;
				CLANG_ENABLE_OBJC_ARC = YES;
				CLANG_WARN_BOOL_CONVERSION = YES;
				CLANG_WARN_CONSTANT_CONVERSION = YES;
				CLANG_WARN_DIRECT_OBJC_ISA_USAGE = YES_ERROR;
				CLANG_WARN_EMPTY_BODY = YES;
				CLANG_WARN_ENUM_CONVERSION = YES;
				CLANG_WARN_INT_CONVERSION = YES;
				CLANG_WARN_OBJC_ROOT_CLASS = YES_ERROR;
				CLANG_WARN_UNREACHABLE_CODE = YES;
				CLANG_WARN__DUPLICATE_METHOD_MATCH = YES;
				"CODE_SIGN_IDENTITY[sdk=iphoneos*]" = "iPhone Developer";
				COPY_PHASE_STRIP = NO;
				DEBUG_INFORMATION_FORMAT = "dwarf-with-dsym";
				ENABLE_NS_ASSERTIONS = NO;
				ENABLE_STRICT_OBJC_MSGSEND = YES;
				GCC_C_LANGUAGE_STANDARD = gnu99;
				GCC_NO_COMMON_BLOCKS = YES;
				GCC_WARN_64_TO_32_BIT_CONVERSION = YES;
				GCC_WARN_ABOUT_RETURN_TYPE = YES_ERROR;
				GCC_WARN_UNDECLARED_SELECTOR = YES;
				GCC_WARN_UNINITIALIZED_AUTOS = YES_AGGRESSIVE;
				GCC_WARN_UNUSED_FUNCTION = YES;
				GCC_WARN_UNUSED_VARIABLE = YES;
				IPHONEOS_DEPLOYMENT_TARGET = 9.2;
				MTL_ENABLE_DEBUG_INFO = NO;
				SDKROOT = iphoneos;
				VALIDATE_PRODUCT = YES;
			};
			name = Release;
		};
		CEA705F21C80EDD600204138 /* Debug */ = {
			isa = XCBuildConfiguration;
			buildSettings = {
				ASSETCATALOG_COMPILER_APPICON_NAME = AppIcon;
				INFOPLIST_FILE = ZwischMe3/Info.plist;
				IPHONEOS_DEPLOYMENT_TARGET = 8.0;
				LD_RUNPATH_SEARCH_PATHS = "$(inherited) @executable_path/Frameworks";
				LIBRARY_SEARCH_PATHS = (
					"$(inherited)",
					"$(PROJECT_DIR)/lib/backendless",
					"$(PROJECT_DIR)/lib/CommLibiOS",
					"$(PROJECT_DIR)/lib/libav-11.4/lib",
					"$(PROJECT_DIR)/lib/MediaLibiOS3x",
					"$(PROJECT_DIR)/lib/speex-1.2rc2/lib",
					"$(PROJECT_DIR)/lib/x264/lib",
				);
				PRODUCT_BUNDLE_IDENTIFIER = com.cvoffice.ZwischMe3;
				PRODUCT_NAME = "$(TARGET_NAME)";
				SWIFT_OBJC_BRIDGING_HEADER = "$(PROJECT_DIR)/lib/backendless/include/Backendless-Bridging-Header.h";
			};
			name = Debug;
		};
		CEA705F31C80EDD600204138 /* Release */ = {
			isa = XCBuildConfiguration;
			buildSettings = {
				ASSETCATALOG_COMPILER_APPICON_NAME = AppIcon;
				INFOPLIST_FILE = ZwischMe3/Info.plist;
				IPHONEOS_DEPLOYMENT_TARGET = 8.0;
				LD_RUNPATH_SEARCH_PATHS = "$(inherited) @executable_path/Frameworks";
				LIBRARY_SEARCH_PATHS = (
					"$(inherited)",
					"$(PROJECT_DIR)/lib/backendless",
					"$(PROJECT_DIR)/lib/CommLibiOS",
					"$(PROJECT_DIR)/lib/libav-11.4/lib",
					"$(PROJECT_DIR)/lib/MediaLibiOS3x",
					"$(PROJECT_DIR)/lib/speex-1.2rc2/lib",
					"$(PROJECT_DIR)/lib/x264/lib",
				);
				PRODUCT_BUNDLE_IDENTIFIER = com.cvoffice.ZwischMe3;
				PRODUCT_NAME = "$(TARGET_NAME)";
				SWIFT_OBJC_BRIDGING_HEADER = "$(PROJECT_DIR)/lib/backendless/include/Backendless-Bridging-Header.h";
			};
			name = Release;
		};
/* End XCBuildConfiguration section */

/* Begin XCConfigurationList section */
		CEA705DA1C80EDD600204138 /* Build configuration list for PBXProject "ZwischMe3" */ = {
			isa = XCConfigurationList;
			buildConfigurations = (
				CEA705EF1C80EDD600204138 /* Debug */,
				CEA705F01C80EDD600204138 /* Release */,
			);
			defaultConfigurationIsVisible = 0;
			defaultConfigurationName = Release;
		};
		CEA705F11C80EDD600204138 /* Build configuration list for PBXNativeTarget "ZwischMe3" */ = {
			isa = XCConfigurationList;
			buildConfigurations = (
				CEA705F21C80EDD600204138 /* Debug */,
				CEA705F31C80EDD600204138 /* Release */,
			);
			defaultConfigurationIsVisible = 0;
			defaultConfigurationName = Release;
		};
/* End XCConfigurationList section */
	};
	rootObject = CEA705D71C80EDD600204138 /* Project object */;
}
